{"SurveyEntry":{"SurveyID":"SV_8JiEEGJH517Kvjf","SurveyName":"Connecting Community Colleges to WSU (2019-20)","SurveyDescription":null,"SurveyOwnerID":"UR_cuOoBWZ8b24yEpD","SurveyBrandID":"wsu","DivisionID":"DV_PNONWaStateUniv","SurveyLanguage":"EN","SurveyActiveResponseSet":"RS_bpUhNYfUkc7PkBD","SurveyStatus":"Active","SurveyStartDate":"0000-00-00 00:00:00","SurveyExpirationDate":"0000-00-00 00:00:00","SurveyCreationDate":"2019-06-05 11:12:26","CreatorID":"UR_cuOoBWZ8b24yEpD","LastModified":"2019-07-17 18:37:19","LastAccessed":"0000-00-00 00:00:00","LastActivated":"2019-06-05 16:15:07","Deleted":null},"SurveyElements":[{"SurveyID":"SV_8JiEEGJH517Kvjf","Element":"BL","PrimaryAttribute":"Survey Blocks","SecondaryAttribute":null,"TertiaryAttribute":null,"Payload":[{"Type":"Default","Description":"Getting Started","ID":"BL_eD0emEmY0iAaFa5","BlockElements":[{"Type":"Question","QuestionID":"QID5"},{"Type":"Question","QuestionID":"QID6"},{"Type":"Question","QuestionID":"QID17"},{"Type":"Question","QuestionID":"QID13"},{"Type":"Question","QuestionID":"QID42"}],"Options":{"BlockLocking":"false","RandomizeQuestions":"false","BlockVisibility":"Expanded"}},{"Type":"Trash","Description":"Trash \/ Unused Questions","ID":"BL_9voojMxOKt7TqUR","BlockElements":[{"Type":"Question","QuestionID":"QID2"},{"Type":"Question","QuestionID":"QID21"},{"Type":"Question","QuestionID":"QID32"},{"Type":"Question","QuestionID":"QID19"},{"Type":"Question","QuestionID":"QID36"}],"Options":{"BlockLocking":"false","RandomizeQuestions":"false","BlockVisibility":"Collapsed"}},{"Type":"Standard","SubType":"","Description":"Student: Educational Background","ID":"BL_1MrrNWwkxlGTaNT","BlockElements":[{"Type":"Question","QuestionID":"QID18"},{"Type":"Question","QuestionID":"QID14"},{"Type":"Question","QuestionID":"QID34"},{"Type":"Question","QuestionID":"QID22"},{"Type":"Question","QuestionID":"QID15"}],"Options":{"BlockLocking":"false","RandomizeQuestions":"false","BlockVisibility":"Expanded"}},{"Type":"Standard","SubType":"","Description":"Registration Complete (Student)","ID":"BL_1ZcbCXQQ84gE0ap","BlockElements":[{"Type":"Question","QuestionID":"QID16"}],"Options":{"BlockLocking":"false","RandomizeQuestions":"false","BlockVisibility":"Expanded"}},{"Type":"Standard","SubType":"","Description":"Agenda Options","ID":"BL_8eHXQ88HCoRgXVX","BlockElements":[{"Type":"Question","QuestionID":"QID40"},{"Type":"Question","QuestionID":"QID35"},{"Type":"Question","QuestionID":"QID41"},{"Type":"Page Break"},{"Type":"Question","QuestionID":"QID49"},{"Type":"Question","QuestionID":"QID50"},{"Type":"Question","QuestionID":"QID51"}],"Options":{"BlockLocking":"false","RandomizeQuestions":"false","BlockVisibility":"Expanded"}},{"Type":"Standard","SubType":"","Description":"Students: Plans for Transferring","ID":"BL_0BvXjGLcWfm3Pp3","BlockElements":[{"Type":"Question","QuestionID":"QID23"},{"Type":"Question","QuestionID":"QID25"},{"Type":"Question","QuestionID":"QID48"},{"Type":"Question","QuestionID":"QID26"},{"Type":"Question","QuestionID":"QID33"},{"Type":"Question","QuestionID":"QID24"},{"Type":"Question","QuestionID":"QID37"},{"Type":"Question","QuestionID":"QID20"}],"Options":{"BlockLocking":"false","RandomizeQuestions":"false","BlockVisibility":"Expanded"}},{"Type":"Standard","SubType":"","Description":"Demographics","ID":"BL_3lzaGPxgJ86qC9L","BlockElements":[{"Type":"Question","QuestionID":"QID39"},{"Type":"Question","QuestionID":"QID43"},{"Type":"Question","QuestionID":"QID38"}],"Options":{"BlockLocking":"false","RandomizeQuestions":"false","BlockVisibility":"Expanded"}},{"Type":"Standard","SubType":"","Description":"Universal Questions","ID":"BL_7aFmXf3QSz0r2qV","BlockElements":[{"Type":"Question","QuestionID":"QID44"},{"Type":"Question","QuestionID":"QID7"},{"Type":"Question","QuestionID":"QID1"},{"Type":"Question","QuestionID":"QID3"},{"Type":"Question","QuestionID":"QID4"},{"Type":"Question","QuestionID":"QID8"},{"Type":"Question","QuestionID":"QID9"},{"Type":"Question","QuestionID":"QID27"},{"Type":"Question","QuestionID":"QID28"},{"Type":"Question","QuestionID":"QID29"},{"Type":"Question","QuestionID":"QID31"},{"Type":"Question","QuestionID":"QID30"},{"Type":"Page Break"},{"Type":"Question","QuestionID":"QID10"},{"Type":"Question","QuestionID":"QID11"},{"Type":"Question","QuestionID":"QID12"}],"Options":{"BlockLocking":"false","RandomizeQuestions":"false","BlockVisibility":"Expanded"}},{"Type":"Standard","SubType":"","Description":"Demographic Data Collection Explanation","ID":"BL_8we3eoppeGMvjfv","BlockElements":[{"Type":"Question","QuestionID":"QID45"}]},{"Type":"Standard","SubType":"","Description":"Ready to Submit?","ID":"BL_7amrfjz9o9hK7bf","BlockElements":[{"Type":"Question","QuestionID":"QID47"},{"Type":"Question","QuestionID":"QID46"}],"Options":{"BlockLocking":"false","RandomizeQuestions":"false","PreviousButton":"","previousButtonMID":"","NextButton":"Submit","nextButtonMID":"","previousButtonLibraryID":"","nextButtonLibraryID":""}}]},{"SurveyID":"SV_8JiEEGJH517Kvjf","Element":"FL","PrimaryAttribute":"Survey Flow","SecondaryAttribute":null,"TertiaryAttribute":null,"Payload":{"Type":"Root","FlowID":"FL_1","Flow":[{"Type":"EmbeddedData","FlowID":"FL_6","EmbeddedData":[{"Description":"registrationID","Type":"Recipient","Field":"registrationID","VariableType":"String","DataVisibility":[],"AnalyzeText":false},{"Description":"Create New Field or Choose From Dropdown...","Type":"Recipient","Field":"Create New Field or Choose From Dropdown...","VariableType":"String","DataVisibility":[],"AnalyzeText":false},{"Description":"DateTimePaid","Type":"Recipient","Field":"DateTimePaid","VariableType":"String","DataVisibility":[],"AnalyzeText":false},{"Description":"RandIdStr","Type":"Custom","Field":"RandIdStr","VariableType":"String","DataVisibility":[],"AnalyzeText":false,"Value":"${rand:\/\/int\/1000000:9999999}"},{"Description":"fName","Type":"Recipient","Field":"fName","VariableType":"String","DataVisibility":[],"AnalyzeText":false},{"Description":"lName","Type":"Recipient","Field":"lName","VariableType":"String","DataVisibility":[],"AnalyzeText":false},{"Description":"email","Type":"Recipient","Field":"email","VariableType":"String","DataVisibility":[],"AnalyzeText":false},{"Description":"pb","Type":"Custom","Field":"pb","VariableType":"String","DataVisibility":[],"AnalyzeText":false,"Value":"0"}]},{"Type":"Branch","FlowID":"FL_7","Description":"New Branch","BranchLogic":{"0":{"0":{"LogicType":"EmbeddedField","LeftOperand":"registrationID","Operator":"Empty","_HiddenExpression":false,"Type":"Expression","Description":"<span class=\"ConjDesc\">If<\/span>  <span class=\"LeftOpDesc\">registrationID<\/span> <span class=\"OpDesc\">Is Empty<\/span> "},"Type":"If"},"Type":"BooleanExpression"},"Flow":[{"Type":"Block","ID":"BL_eD0emEmY0iAaFa5","FlowID":"FL_2"},{"Type":"Branch","FlowID":"FL_5","Description":"New Branch","BranchLogic":{"0":{"0":{"LogicType":"Question","QuestionID":"QID13","QuestionIsInLoop":"no","ChoiceLocator":"q:\/\/QID13\/SelectableChoice\/1","Operator":"Selected","QuestionIDFromLocator":"QID13","LeftOperand":"q:\/\/QID13\/SelectableChoice\/1","Type":"Expression","Description":"<span class=\"ConjDesc\">If<\/span> <span class=\"QuestionDesc\">What is your occupation\/position?<\/span> <span class=\"LeftOpDesc\">Community college student<\/span> <span class=\"OpDesc\">Is Selected<\/span> "},"Type":"If"},"Type":"BooleanExpression"},"Flow":[{"Type":"Standard","ID":"BL_7aFmXf3QSz0r2qV","FlowID":"FL_21"},{"Type":"Standard","ID":"BL_8eHXQ88HCoRgXVX","FlowID":"FL_14"},{"Type":"Standard","ID":"BL_8we3eoppeGMvjfv","FlowID":"FL_26"},{"Type":"Standard","ID":"BL_3lzaGPxgJ86qC9L","FlowID":"FL_16"},{"Type":"Standard","ID":"BL_1MrrNWwkxlGTaNT","FlowID":"FL_4"},{"Type":"Standard","ID":"BL_0BvXjGLcWfm3Pp3","FlowID":"FL_15"},{"Type":"Standard","ID":"BL_7amrfjz9o9hK7bf","FlowID":"FL_27"},{"Type":"EmbeddedData","FlowID":"FL_13","EmbeddedData":[{"Description":"registrationID","Type":"Custom","Field":"registrationID","VariableType":"String","DataVisibility":[],"AnalyzeText":false,"Value":"${q:\/\/QID1\/ChoiceTextEntryValue}-${q:\/\/QID4\/ChoiceTextEntryValue}-${e:\/\/Field\/RandIdStr}"},{"Description":"Create New Field or Choose From Dropdown...","Type":"Recipient","Field":"Create New Field or Choose From Dropdown...","VariableType":"String","DataVisibility":[],"AnalyzeText":false}]},{"Type":"EndSurvey","FlowID":"FL_11","EndingType":"Advanced","Options":{"Advanced":"true","SurveyTermination":"Redirect","EOSRedirectURL":"https:\/\/payment.ascc.wsu.edu\/lsamp\/?registrationID=${e:\/\/Field\/registrationID}&fName=${q:\/\/QID1\/ChoiceTextEntryValue}&lName=${q:\/\/QID4\/ChoiceTextEntryValue}&email=${q:\/\/QID8\/ChoiceTextEntryValue}"}}]},{"Type":"Standard","ID":"BL_7aFmXf3QSz0r2qV","FlowID":"FL_23"},{"Type":"Block","ID":"BL_8eHXQ88HCoRgXVX","FlowID":"FL_22"},{"Type":"Block","ID":"BL_7amrfjz9o9hK7bf","FlowID":"FL_28"},{"Type":"EndSurvey","FlowID":"FL_12"}]},{"Type":"Branch","FlowID":"FL_24","Description":"New Branch","BranchLogic":{"0":{"0":{"LogicType":"EmbeddedField","LeftOperand":"fName","Operator":"EqualTo","RightOperand":"N\/A","_HiddenExpression":false,"Type":"Expression","Description":"<span class=\"ConjDesc\">If<\/span>  <span class=\"LeftOpDesc\">fName<\/span> <span class=\"OpDesc\">Is Equal to<\/span> <span class=\"RightOpDesc\"> N\/A <\/span>"},"Type":"If"},"Type":"BooleanExpression"},"Flow":[{"Type":"EndSurvey","FlowID":"FL_25","EndingType":"Advanced","Options":{"Advanced":"true","SurveyTermination":"DisplayMessage","EOSMessageLibrary":"UR_cuOoBWZ8b24yEpD","EOSMessage":"MS_ea55x2OQBrykbWZ"}}]},{"Type":"EndSurvey","FlowID":"FL_10","EndingType":"Advanced","Options":{"Advanced":"true","SurveyTermination":"DisplayMessage","EOSMessageLibrary":"UR_cuOoBWZ8b24yEpD","EOSMessage":"MS_9SO1NJMdcIKU02V"}}],"Properties":{"Count":28,"RemovedFieldsets":[]}}},{"SurveyID":"SV_8JiEEGJH517Kvjf","Element":"NT","PrimaryAttribute":"NT_1GMcvhNHDs1UES1","SecondaryAttribute":null,"TertiaryAttribute":null,"Payload":{"Notes":[{"Message":"Addition of this note was an accident.","ID":"NO_cI2saNz4m8YeUW9","UserID":"UR_cuOoBWZ8b24yEpD","Timestamp":1559757451,"Removed":true}],"UserStatuses":{"UR_cuOoBWZ8b24yEpD":"Expanded"},"ParentID":"QID8","ID":"NT_1GMcvhNHDs1UES1"}},{"SurveyID":"SV_8JiEEGJH517Kvjf","Element":"SO","PrimaryAttribute":"Survey Options","SecondaryAttribute":null,"TertiaryAttribute":null,"Payload":{"BackButton":"true","SaveAndContinue":"true","SurveyProtection":"PublicSurvey","BallotBoxStuffingPrevention":"false","NoIndex":"Yes","SecureResponseFiles":"true","SurveyExpiration":null,"SurveyTermination":"DefaultMessage","Header":"","Footer":"","ProgressBarDisplay":"None","PartialData":"+1 week","ValidationMessage":null,"PreviousButton":" \u2190 Back","NextButton":"Next \u2192 ","SkinLibrary":"wsu","SkinType":"MQ","Skin":"cahnrswsu1","NewScoring":1,"CustomStyles":{"errorStyles":{"selector":".Skin .ValidationError","styles":{"color":null,"backgroundColor":null,"borderColor":null}},"errorStylesBG":{"selector":".Skin .HeaderValidationError, .Skin .HeaderValidationError li a","styles":{"color":null,"backgroundColor":null}},"pageStyles":{"selector":"#SurveyEngineBody","styles":{"backgroundColor":null}},"textStyles":{"selector":".SkinInner","styles":{"fontFamily":null,"fontSize":null,"fontWeight":null,"fontStyle":null,"textDecoration":null,"color":null}},"questionStyles":{"selector":".Skin .QuestionText","styles":{"fontFamily":null,"fontSize":null,"fontWeight":null,"fontStyle":null,"textDecoration":null,"color":null}},"choiceStyles":{"selector":".Skin .horizontalbar th.ylabel, .Skin .Matrix table td, .Skin .Matrix table th, .Skin .Matrix table thead th, .Skin .Matrix table thead td, .Skin .PGR .DragAndDrop .Items label, .Skin .QuestionBody ul.ChoiceStructure, .Skin .PGR .DragAndDrop .Group ul, .Skin .PGR .DragAndDrop .Group h2, .Skin .PGR .DragAndDrop .Items ul, .Skin .PGR .DragAndDrop .Items h2, .Skin .DD .QuestionBody table.ChoiceStructure, .Skin .PGR .DragAndDrop .NoColumns td.groupsContainerTd div ul, .Skin .PGR .DragAndDrop .NoColumns td.groupsContainerTd div h2, .Skin .SBS thead th, .Skin .SBS td, .Skin .SBS .Answers td, .Skin .SBS .Answers th, .SBS table.ChoiceStructure, .Skin .horizontalbar thead table.LabelDescriptions tr td, .Skin .horizontalbar thead tr td.NotApplicable, .QuestionBody th, .Skin .QuestionBody .MC .MAVR label, .Skin .QuestionBody .MC .SAVR label, .Skin .SBS thead th, .Skin .SBS td, .Skin .RO .DND ul li, .Skin .reg, .SkinInner .ChoiceStructure, .Skin thead, .Skin .GAP .ChoiceStructure thead th, .Skin .GAP .ChoiceStructure .c4, .Skin .GAP .ChoiceStructure th, .Skin .GAP .ChoiceStructure .WhyText, .SkinInner .ChoiceStructure .LightBG, .Skin .QuestionOuter.Highlight .Inner .reg, .Skin .QuestionOuter.Highlight .Inner .alt, .Skin .QuestionOuter.Highlight .Inner .ReadableAlt       ","styles":{"fontFamily":null,"fontSize":null,"fontWeight":null,"fontStyle":null,"textDecoration":null,"color":null}},"headerStyles":{"selector":".Skin div#Header","styles":{"color":null}},"footerStyles":{"selector":".Skin #Footer","styles":{"color":null}},"questionSeparatorStyles":{"selector":".Skin .Separator","styles":{"backgroundColor":null,"display":null}},"highlightStyles":{"selector":".Skin .QuestionOuter.Highlight .Inner, .Skin .QuestionOuter.Highlight .Inner .reg, .Skin .QuestionOuter.Highlight .Inner .alt, .Skin .QuestionOuter.Highlight .Inner .ReadableAlt","styles":{"backgroundColor":null}},"highlightStylesAlt":{"selector":".Skin .QuestionOuter.Highlight .Inner .ReadableAlt, .Skin .QuestionOuter.Highlight .Inner .LightBG","styles":{"backgroundColor":null}},"textEntryStyles":{"selector":".Skin select, .Skin .InputText","styles":{"color":null}},"borderStyles":{"selector":".Skin .CS .horizontalbar table.sliderGrid tr.xlabel th, .Skin .CS .horizontalbar .ylabel, .Skin .CS .horizontalbar table.sliderGrid tr td.value, .Skin .Slider .horizontalbar table.sliderGrid tr.xlabel th, .Skin .BorderColor, .Skin .DarkBorderColor, .Skin .Slider .horizontalbar table.sliderGrid tr td.value, .Skin thead, .Skin .GAP .ChoiceStructure thead th  ","styles":{"borderColor":null}},"altRowStyles":{"selector":".Skin .ReadableAlt, .Skin .LightBG","styles":{"backgroundColor":null}},"customCSS":null},"EOSMessage":"","ShowExportTags":"false","CollectGeoLocation":"false","SurveyTitle":"Register for CCC to WSU 2019 | Qualtrics Survey Solutions","SurveyMetaDescription":"Qualtrics sophisticated online survey software solutions make creating online surveys easy. Learn more about Research Suite and get a free account today.","PasswordProtection":"No","AnonymizeResponse":"No","Password":"","RefererCheck":"No","RefererURL":"http:\/\/","UseCustomSurveyLinkCompletedMessage":null,"SurveyLinkCompletedMessage":"","SurveyLinkCompletedMessageLibrary":"","ResponseSummary":"No","EOSMessageLibrary":"","EOSRedirectURL":"https:\/\/","EmailThankYou":"false","ThankYouEmailMessageLibrary":null,"ThankYouEmailMessage":null,"ValidateMessage":"false","ValidationMessageLibrary":null,"InactiveSurvey":"DefaultMessage","PartialDataCloseAfter":"LastActivity","ActiveResponseSet":null,"InactiveMessageLibrary":"","InactiveMessage":"","AvailableLanguages":{"EN":[]},"SurveyName":"Connecting Community Colleges to WSU (2019-20)","libraryId":"","nextButtonMid":"","previousButtonMid":"","headerMid":"","footerMid":"","QuestionsPerPage":"","PageTransition":"None","Autofocus":"false","Autoadvance":"false","AutoadvancePages":"false","HighlightQuestions":"off"}},{"SurveyID":"SV_8JiEEGJH517Kvjf","Element":"SCO","PrimaryAttribute":"Scoring","SecondaryAttribute":null,"TertiaryAttribute":null,"Payload":{"ScoringCategories":[],"ScoringCategoryGroups":[],"ScoringSummaryCategory":null,"ScoringSummaryAfterQuestions":0,"ScoringSummaryAfterSurvey":0,"DefaultScoringCategory":null,"AutoScoringCategory":null}},{"SurveyID":"SV_8JiEEGJH517Kvjf","Element":"PROJ","PrimaryAttribute":"CORE","SecondaryAttribute":null,"TertiaryAttribute":"1.1.0","Payload":{"ProjectCategory":"CORE","SchemaVersion":"1.1.0"}},{"SurveyID":"SV_8JiEEGJH517Kvjf","Element":"STAT","PrimaryAttribute":"Survey Statistics","SecondaryAttribute":null,"TertiaryAttribute":null,"Payload":{"MobileCompatible":true,"ID":"Survey Statistics"}},{"SurveyID":"SV_8JiEEGJH517Kvjf","Element":"SQ","PrimaryAttribute":"QID45","SecondaryAttribute":"(Note about collection of demographic data and our rationale for doing so to go here.)","TertiaryAttribute":null,"Payload":{"QuestionText":"(Note about collection of demographic data and our rationale for doing so to go here.)","DefaultChoices":false,"DataExportTag":"Q45","QuestionType":"DB","Selector":"TB","Configuration":{"QuestionDescriptionOption":"UseText"},"QuestionDescription":"(Note about collection of demographic data and our rationale for doing so to go here.)","ChoiceOrder":[],"Validation":{"Settings":{"Type":"None"}},"GradingData":[],"Language":[],"NextChoiceId":4,"NextAnswerId":1,"QuestionID":"QID45","DataVisibility":{"Private":false,"Hidden":false}}},{"SurveyID":"SV_8JiEEGJH517Kvjf","Element":"SQ","PrimaryAttribute":"QID37","SecondaryAttribute":"1st WSU semester","TertiaryAttribute":null,"Payload":{"QuestionText":"<span class=\"cccw-event__main-question\">When do you plan to start your first semester at WSU?<\/span>  <span class=\"cccw-event__required-marker\">*<\/span>","DataExportTag":"Q5.6","QuestionType":"MC","Selector":"SAVR","SubSelector":"TX","Configuration":{"QuestionDescriptionOption":"SpecifyLabel"},"QuestionDescription":"1st WSU semester","Choices":{"1":{"Display":"Spring 2020"},"2":{"Display":"Summer 2020"},"3":{"Display":"Fall 2020"},"4":{"Display":"Spring 2021"},"5":{"Display":"Summer 2021"},"6":{"Display":"Fall 2021"},"7":{"Display":"None of the above"}},"ChoiceOrder":["1","2","3","4","5","6","7"],"Validation":{"Settings":{"ForceResponse":"ON","ForceResponseType":"ON","Type":"None"}},"Language":[],"NextChoiceId":9,"NextAnswerId":1,"QuestionID":"QID37","DisplayLogic":{"0":{"0":{"LogicType":"Question","QuestionID":"QID24","QuestionIsInLoop":"no","ChoiceLocator":"q:\/\/QID24\/SelectableChoice\/1","Operator":"Selected","QuestionIDFromLocator":"QID24","LeftOperand":"q:\/\/QID24\/SelectableChoice\/1","Type":"Expression","Description":"<span class=\"ConjDesc\">If<\/span> <span class=\"QuestionDesc\">Do you plan to transfer to Washington State University?  *<\/span> <span class=\"LeftOpDesc\">Yes<\/span> <span class=\"OpDesc\">Is Selected<\/span> "},"Type":"If"},"Type":"BooleanExpression","inPage":false},"AnalyzeChoices":{"7":"No"},"DataVisibility":{"Private":false,"Hidden":false},"QuestionText_Unsafe":"<span class=\"cccw-event__main-question\">When do you plan to start your first semester at WSU?<\/span>  <span class=\"cccw-event__required-marker\">*<\/span>"}},{"SurveyID":"SV_8JiEEGJH517Kvjf","Element":"QC","PrimaryAttribute":"Survey Question Count","SecondaryAttribute":"51","TertiaryAttribute":null,"Payload":null},{"SurveyID":"SV_8JiEEGJH517Kvjf","Element":"SQ","PrimaryAttribute":"QID12","SecondaryAttribute":"Accommodations needed","TertiaryAttribute":null,"Payload":{"QuestionText":"<span class=\"cccw-event__main-question\">Please specify any accommodations you will need:<\/span> <span class=\"cccw-event__required-marker\">*<\/span>","DefaultChoices":false,"DataExportTag":"Q2.15","QuestionType":"TE","Selector":"ESTB","Configuration":{"QuestionDescriptionOption":"SpecifyLabel","AllowFreeResponse":"false"},"QuestionDescription":"Accommodations needed","Validation":{"Settings":{"ForceResponse":"ON","ForceResponseType":"ON","Type":"None"}},"GradingData":[],"Language":[],"NextChoiceId":4,"NextAnswerId":1,"QuestionID":"QID12","QuestionText_Unsafe":"<span class=\"cccw-event__main-question\">Please specify any accommodations you will need:<\/span> <span class=\"cccw-event__required-marker\">*<\/span>","DataVisibility":{"Private":false,"Hidden":false},"DisplayLogic":{"0":{"0":{"LogicType":"Question","QuestionID":"QID11","QuestionIsInLoop":"no","ChoiceLocator":"q:\/\/QID11\/SelectableChoice\/1","Operator":"Selected","QuestionIDFromLocator":"QID11","LeftOperand":"q:\/\/QID11\/SelectableChoice\/1","Type":"Expression","Description":"<span class=\"ConjDesc\">If<\/span> <span class=\"QuestionDesc\">Do you have any disabilities that will require special accommodation? *<\/span> <span class=\"LeftOpDesc\">Yes<\/span> <span class=\"OpDesc\">Is Selected<\/span> "},"Type":"If"},"Type":"BooleanExpression","inPage":false}}},{"SurveyID":"SV_8JiEEGJH517Kvjf","Element":"SQ","PrimaryAttribute":"QID27","SecondaryAttribute":"Address (Line 1) *","TertiaryAttribute":null,"Payload":{"QuestionText":"<span class=\"cccw-event__main-question\">Address (Line 1)<\/span> <span class=\"cccw-event__required-marker\">*<\/span>","DefaultChoices":false,"DataExportTag":"Q2.8","QuestionType":"TE","Selector":"SL","Configuration":{"QuestionDescriptionOption":"UseText","AllowFreeResponse":"false"},"QuestionDescription":"Address (Line 1) *","Validation":{"Settings":{"ForceResponse":"ON","ForceResponseType":"ON","Type":"None"}},"GradingData":[],"Language":[],"NextChoiceId":4,"NextAnswerId":1,"QuestionID":"QID27","DisplayLogic":{"0":{"0":{"LogicType":"Question","QuestionID":"QID13","QuestionIsInLoop":"no","ChoiceLocator":"q:\/\/QID13\/SelectableChoice\/1","Operator":"Selected","QuestionIDFromLocator":"QID13","LeftOperand":"q:\/\/QID13\/SelectableChoice\/1","Type":"Expression","Description":"<span class=\"ConjDesc\">If<\/span> <span class=\"QuestionDesc\">Occupation<\/span> <span class=\"LeftOpDesc\">Community college student<\/span> <span class=\"OpDesc\">Is Selected<\/span> "},"Type":"If"},"Type":"BooleanExpression","inPage":false},"QuestionText_Unsafe":"<span class=\"cccw-event__main-question\">Address (Line 1)<\/span> <span class=\"cccw-event__required-marker\">*<\/span>","DataVisibility":{"Private":false,"Hidden":false}}},{"SurveyID":"SV_8JiEEGJH517Kvjf","Element":"SQ","PrimaryAttribute":"QID28","SecondaryAttribute":"Address (Line 2)","TertiaryAttribute":null,"Payload":{"QuestionText":"<span class=\"cccw-event__main-question\">Address (Line 2)<\/span>","DefaultChoices":false,"DataExportTag":"Q2.9","QuestionType":"TE","Selector":"SL","DataVisibility":{"Private":false,"Hidden":false},"Configuration":{"QuestionDescriptionOption":"UseText","AllowFreeResponse":"false"},"QuestionDescription":"Address (Line 2)","Validation":{"Settings":{"ForceResponse":"OFF","ForceResponseType":"ON","Type":"None"}},"GradingData":[],"Language":[],"NextChoiceId":4,"NextAnswerId":1,"QuestionID":"QID28","DisplayLogic":{"0":{"0":{"LogicType":"Question","QuestionID":"QID13","QuestionIsInLoop":"no","ChoiceLocator":"q:\/\/QID13\/SelectableChoice\/1","Operator":"Selected","QuestionIDFromLocator":"QID13","LeftOperand":"q:\/\/QID13\/SelectableChoice\/1","Type":"Expression","Description":"<span class=\"ConjDesc\">If<\/span> <span class=\"QuestionDesc\">Occupation<\/span> <span class=\"LeftOpDesc\">Community college student<\/span> <span class=\"OpDesc\">Is Selected<\/span> "},"Type":"If"},"Type":"BooleanExpression","inPage":false},"QuestionText_Unsafe":"<span class=\"cccw-event__main-question\">Address (Line 2)<\/span>"}},{"SurveyID":"SV_8JiEEGJH517Kvjf","Element":"SQ","PrimaryAttribute":"QID19","SecondaryAttribute":"Are you an LSAMP Community College Scholar? *If this program does not exist at ...","TertiaryAttribute":null,"Payload":{"QuestionText":"<span class=\".cccw-event__main-question\">Are you an LSAMP Community College Scholar?<\/span> <span class=\"cccw-event__required-marker\">*<\/span> <br><span class=\"cccw-event__question-note\">If this program does not exist at ${q:\/\/QID14\/ChoiceGroup\/SelectedChoicesTextEntry}, please select \"No.\"<\/span>","DataExportTag":"Q25","QuestionType":"MC","Selector":"SAVR","SubSelector":"TX","Configuration":{"QuestionDescriptionOption":"UseText"},"QuestionDescription":"Are you an LSAMP Community College Scholar? *If this program does not exist at ...","Choices":{"1":{"Display":"Yes"},"2":{"Display":"No"},"3":{"Display":"I don't know"}},"ChoiceOrder":["1","2","3"],"Validation":{"Settings":{"ForceResponse":"ON","ForceResponseType":"ON","Type":"None"}},"Language":[],"NextChoiceId":4,"NextAnswerId":1,"QuestionID":"QID19","AnalyzeChoices":{"3":"No"},"QuestionText_Unsafe":"<span class=\".cccw-event__main-question\">Are you an LSAMP Community College Scholar?<\/span> <span class=\"cccw-event__required-marker\">*<\/span> <br><span class=\"cccw-event__question-note\">If this program does not exist at ${q:\/\/QID14\/ChoiceGroup\/SelectedChoicesTextEntry}, please select \"No.\"<\/span>"}},{"SurveyID":"SV_8JiEEGJH517Kvjf","Element":"SQ","PrimaryAttribute":"QID15","SecondaryAttribute":"CC Student ID","TertiaryAttribute":null,"Payload":{"QuestionText":"<span class=\"cccw-event__main-question\">Please enter your ${q:\/\/QID14\/ChoiceGroup\/SelectedChoicesTextEntry} student ID:<\/span> <span class=\"cccw-event__required-marker\">*<\/span>","DefaultChoices":false,"DataExportTag":"Q4.5","QuestionType":"TE","Selector":"SL","Configuration":{"QuestionDescriptionOption":"SpecifyLabel","AllowFreeResponse":"false"},"QuestionDescription":"CC Student ID","Validation":{"Settings":{"ForceResponse":"ON","ForceResponseType":"ON","Type":"None"}},"GradingData":[],"Language":[],"NextChoiceId":4,"NextAnswerId":1,"QuestionID":"QID15","DataVisibility":{"Private":false,"Hidden":false},"QuestionText_Unsafe":"<span class=\"cccw-event__main-question\">Please enter your ${q:\/\/QID14\/ChoiceGroup\/SelectedChoicesTextEntry} student ID:<\/span> <span class=\"cccw-event__required-marker\">*<\/span>","DisplayLogic":{"0":{"0":{"LogicType":"Question","QuestionID":"QID14","QuestionIsInLoop":"no","ChoiceLocator":"q:\/\/QID14\/SelectableChoice\/10","Operator":"Selected","QuestionIDFromLocator":"QID14","LeftOperand":"q:\/\/QID14\/SelectableChoice\/10","Type":"Expression","Description":"<span class=\"ConjDesc\">If<\/span> <span class=\"QuestionDesc\">College or Institute you currently attend: *<\/span> <span class=\"LeftOpDesc\">Yakima Valley Community College<\/span> <span class=\"OpDesc\">Is Selected<\/span> "},"Type":"If"},"Type":"BooleanExpression","inPage":false}}},{"SurveyID":"SV_8JiEEGJH517Kvjf","Element":"SQ","PrimaryAttribute":"QID40","SecondaryAttribute":"Choose from Scheduling Options for the Event (1 of 2)","TertiaryAttribute":null,"Payload":{"QuestionText":"<h1 class=\"cccw-event__section-title\">Choose from Scheduling Options for the Event (1 of 2)<\/h1>","DefaultChoices":false,"DataExportTag":"Q6.1","QuestionType":"DB","Selector":"TB","Configuration":{"QuestionDescriptionOption":"UseText"},"QuestionDescription":"Choose from Scheduling Options for the Event (1 of 2)","ChoiceOrder":[],"Validation":{"Settings":{"Type":"None"}},"GradingData":[],"Language":[],"NextChoiceId":4,"NextAnswerId":1,"QuestionID":"QID40","QuestionText_Unsafe":"<h1 class=\"cccw-event__section-title\">Select Scheduling Options<\/h1>","DataVisibility":{"Private":false,"Hidden":false}}},{"SurveyID":"SV_8JiEEGJH517Kvjf","Element":"SQ","PrimaryAttribute":"QID49","SecondaryAttribute":"Choose from Scheduling Options for the Event (2 of 2)","TertiaryAttribute":null,"Payload":{"QuestionText":"<h1 class=\"cccw-event__section-title\">Choose from Scheduling Options for the Event (2 of 2)<\/h1>","DefaultChoices":false,"DataExportTag":"Q49","QuestionType":"DB","Selector":"TB","DataVisibility":{"Private":false,"Hidden":false},"Configuration":{"QuestionDescriptionOption":"UseText"},"QuestionDescription":"Choose from Scheduling Options for the Event (2 of 2)","ChoiceOrder":[],"Validation":{"Settings":{"Type":"None"}},"GradingData":[],"Language":[],"NextChoiceId":4,"NextAnswerId":1,"QuestionID":"QID49"}},{"SurveyID":"SV_8JiEEGJH517Kvjf","Element":"SQ","PrimaryAttribute":"QID51","SecondaryAttribute":"Choosing a Lab Tour *Please select a lab tour to go on.","TertiaryAttribute":null,"Payload":{"QuestionText":"<span class=\"cccw-event__main-question\">Choosing a Lab Tour<\/span> <span class=\"cccw-event__required-marker\">*<\/span> <br><span class=\"cccw-event__question-note\">Please select a lab tour to go on.<\/span>","DataExportTag":"Q51","QuestionType":"MC","Selector":"SAVR","SubSelector":"TX","DataVisibility":{"Private":false,"Hidden":false},"Configuration":{"QuestionDescriptionOption":"UseText"},"QuestionDescription":"Choosing a Lab Tour *Please select a lab tour to go on.","Choices":{"1":{"Display":"Tour A: Chemistry Lab & Mathematics Tour"},"2":{"Display":"Tour B: Neurosciences & Biological\/Life Sciences Lab Tour"},"3":{"Display":"Tour C: Engineering & Computer Science Tour"},"4":{"Display":"Tour D: Agricultural & Natural Resources Sciences Tour"}},"DisplayLogic":{"0":{"0":{"LogicType":"Question","QuestionID":"QID11","QuestionIsInLoop":"no","ChoiceLocator":"q:\/\/QID11\/SelectableChoice\/1","Operator":"Selected","QuestionIDFromLocator":"QID11","LeftOperand":"q:\/\/QID11\/SelectableChoice\/1","Type":"Expression","Description":"<span class=\"ConjDesc\">If<\/span> <span class=\"QuestionDesc\">Disabilities?<\/span> <span class=\"LeftOpDesc\">Yes<\/span> <span class=\"OpDesc\">Is Selected<\/span> "},"Type":"If"},"Type":"BooleanExpression","inPage":false},"ChoiceOrder":["1","2","3","4"],"Validation":{"Settings":{"ForceResponse":"ON","ForceResponseType":"ON","Type":"None"}},"Language":[],"NextChoiceId":5,"NextAnswerId":1,"QuestionID":"QID51"}},{"SurveyID":"SV_8JiEEGJH517Kvjf","Element":"SQ","PrimaryAttribute":"QID50","SecondaryAttribute":"Choosing a Lab Tour *You have four options for going on a lab tour. Please rank your interest in...","TertiaryAttribute":null,"Payload":{"QuestionText":"<span class=\"cccw-event__main-question\">Choosing a Lab Tour<\/span> <span class=\"cccw-event__required-marker\">*<\/span> <br><span class=\"cccw-event__question-note\">You have <strong>four options<\/strong> for going on a lab tour. Please rank your interest in these sessions by dragging them into order.<\/span>","DefaultChoices":false,"DataExportTag":"Q50","QuestionType":"RO","Selector":"DND","SubSelector":"TX","DataVisibility":{"Private":false,"Hidden":false},"Configuration":{"QuestionDescriptionOption":"UseText"},"QuestionDescription":"Choosing a Lab Tour *You have four options for going on a lab tour. Please rank your interest in...","Choices":{"1":{"Display":"Tour A: Chemistry Lab & Mathematics Tour"},"2":{"Display":"Tour B: Neurosciences & Biological\/Life Sciences Lab Tour"},"3":{"Display":"Tour C: Engineering & Computer Science Tour"},"4":{"Display":"Tour D: Agricultural & Natural Resources Sciences Tour"}},"DisplayLogic":{"0":{"0":{"LogicType":"Question","QuestionID":"QID11","QuestionIsInLoop":"no","ChoiceLocator":"q:\/\/QID11\/SelectableChoice\/2","Operator":"Selected","QuestionIDFromLocator":"QID11","LeftOperand":"q:\/\/QID11\/SelectableChoice\/2","Type":"Expression","Description":"<span class=\"ConjDesc\">If<\/span> <span class=\"QuestionDesc\">Disabilities?<\/span> <span class=\"LeftOpDesc\">No<\/span> <span class=\"OpDesc\">Is Selected<\/span> "},"Type":"If"},"Type":"BooleanExpression","inPage":false},"ChoiceOrder":["1","2","3","4"],"Validation":{"Settings":{"ForceResponse":"ON","Type":"None"}},"GradingData":[],"Language":[],"NextChoiceId":6,"NextAnswerId":1,"QuestionID":"QID50"}},{"SurveyID":"SV_8JiEEGJH517Kvjf","Element":"SQ","PrimaryAttribute":"QID29","SecondaryAttribute":"City *","TertiaryAttribute":null,"Payload":{"QuestionText":"<span class=\"cccw-event__main-question\">City<\/span> <span class=\"cccw-event__required-marker\">*<\/span>","DefaultChoices":false,"DataExportTag":"Q2.10","QuestionType":"TE","Selector":"SL","DataVisibility":{"Private":false,"Hidden":false},"Configuration":{"QuestionDescriptionOption":"UseText","AllowFreeResponse":"false"},"QuestionDescription":"City *","DisplayLogic":{"0":{"0":{"LogicType":"Question","QuestionID":"QID13","QuestionIsInLoop":"no","ChoiceLocator":"q:\/\/QID13\/SelectableChoice\/1","Operator":"Selected","QuestionIDFromLocator":"QID13","LeftOperand":"q:\/\/QID13\/SelectableChoice\/1","Type":"Expression","Description":"<span class=\"ConjDesc\">If<\/span> <span class=\"QuestionDesc\">Occupation<\/span> <span class=\"LeftOpDesc\">Community college student<\/span> <span class=\"OpDesc\">Is Selected<\/span> "},"Type":"If"},"Type":"BooleanExpression","inPage":false},"Validation":{"Settings":{"ForceResponse":"ON","ForceResponseType":"ON","Type":"None"}},"GradingData":[],"Language":[],"NextChoiceId":4,"NextAnswerId":1,"QuestionID":"QID29","QuestionText_Unsafe":"<span class=\"cccw-event__main-question\">City<\/span> <span class=\"cccw-event__required-marker\">*<\/span>"}},{"SurveyID":"SV_8JiEEGJH517Kvjf","Element":"SQ","PrimaryAttribute":"QID2","SecondaryAttribute":"Click to write the question text","TertiaryAttribute":null,"Payload":{"QuestionText":"Click to write the question text","DataExportTag":"Q2","QuestionType":"MC","Selector":"SAVR","SubSelector":"TX","Configuration":{"QuestionDescriptionOption":"UseText"},"QuestionDescription":"Click to write the question text","Choices":{"1":{"Display":"Click to write Choice 1"},"2":{"Display":"Click to write Choice 2"},"3":{"Display":"Click to write Choice 3"}},"ChoiceOrder":["1","2","3"],"Validation":{"Settings":{"ForceResponse":"OFF","ForceResponseType":"ON","Type":"None"}},"Language":[],"NextChoiceId":4,"NextAnswerId":1,"QuestionID":"QID2"}},{"SurveyID":"SV_8JiEEGJH517Kvjf","Element":"SQ","PrimaryAttribute":"QID21","SecondaryAttribute":"Click to write the question text","TertiaryAttribute":null,"Payload":{"QuestionText":"Click to write the question text","DataExportTag":"Q21","QuestionType":"MC","Selector":"SAVR","SubSelector":"TX","Configuration":{"QuestionDescriptionOption":"UseText"},"QuestionDescription":"Click to write the question text","Choices":{"1":{"Display":"Click to write Choice 1"},"2":{"Display":"Click to write Choice 2"},"3":{"Display":"Click to write Choice 3"}},"ChoiceOrder":["1","2","3"],"Validation":{"Settings":{"ForceResponse":"OFF","ForceResponseType":"ON","Type":"None"}},"Language":[],"NextChoiceId":4,"NextAnswerId":1,"QuestionID":"QID21"}},{"SurveyID":"SV_8JiEEGJH517Kvjf","Element":"SQ","PrimaryAttribute":"QID32","SecondaryAttribute":"Click to write the question text","TertiaryAttribute":null,"Payload":{"QuestionText":"Click to write the question text","DataExportTag":"Q32","QuestionType":"MC","Selector":"SAVR","SubSelector":"TX","Configuration":{"QuestionDescriptionOption":"UseText"},"QuestionDescription":"Click to write the question text","Choices":{"1":{"Display":"Click to write Choice 1"},"2":{"Display":"Click to write Choice 2"},"3":{"Display":"Click to write Choice 3"}},"ChoiceOrder":["1","2","3"],"Validation":{"Settings":{"ForceResponse":"OFF","ForceResponseType":"ON","Type":"None"}},"Language":[],"NextChoiceId":4,"NextAnswerId":1,"QuestionID":"QID32"}},{"SurveyID":"SV_8JiEEGJH517Kvjf","Element":"SQ","PrimaryAttribute":"QID36","SecondaryAttribute":"College or Institute you currently attend: *","TertiaryAttribute":null,"Payload":{"QuestionText":"<span class=\"cccw-event__main-question\">College or Institute you currently attend:<\/span> <span class=\"cccw-event__required-marker\">*<\/span>","DataExportTag":"Q36","QuestionType":"MC","Selector":"DL","DataVisibility":{"Private":false,"Hidden":false},"Configuration":{"QuestionDescriptionOption":"UseText"},"QuestionDescription":"College or Institute you currently attend: *","Choices":{"1":{"Display":"Big Bend Community College"},"2":{"Display":"Columbia Basin College"},"3":{"Display":"Edmonds Community College"},"4":{"Display":"Highline College"},"5":{"Display":"Olympic College"},"6":{"Display":"Seattle Central College"},"7":{"Display":"Spokane Falls Community College"},"8":{"Display":"Walla Walla Community College"},"9":{"Display":"Wenatchee Valley College"},"10":{"Display":"Yakima Valley Community College"},"11":{"Display":"Other, please specify:","TextEntry":"true"}},"ChoiceOrder":[1,2,3,4,5,6,7,8,9,10,11],"Validation":{"Settings":{"ForceResponse":"ON","ForceResponseType":"ON","Type":"None"}},"Language":[],"NextChoiceId":12,"NextAnswerId":1,"QuestionID":"QID36"}},{"SurveyID":"SV_8JiEEGJH517Kvjf","Element":"SQ","PrimaryAttribute":"QID5","SecondaryAttribute":"Connecting Community Colleges to WSU 2019 Thursday and Friday, October 24 and 25 Hosted by the WS...","TertiaryAttribute":null,"Payload":{"QuestionText":"<h1 class=\"cccw-event__title\">Connecting Community Colleges to WSU 2019<\/h1>\n<p class=\"cccw-event__date\">Thursday and Friday, October 24 and 25<\/p>\n<p class=\"cccw-event__host\">Hosted by the <a href=\"https:\/\/lsamp.wsu.edu\/\">WSU LSAMP Program<\/a><\/p>","DefaultChoices":false,"DataExportTag":"Q1.1","QuestionType":"DB","Selector":"TB","Configuration":{"QuestionDescriptionOption":"UseText"},"QuestionDescription":"Connecting Community Colleges to WSU 2019 Thursday and Friday, October 24 and 25 Hosted by the WS...","ChoiceOrder":[],"Validation":{"Settings":{"Type":"None"}},"GradingData":[],"Language":[],"NextChoiceId":4,"NextAnswerId":1,"QuestionID":"QID5","QuestionText_Unsafe":"<h1 class=\"cccw-event__title\">Connecting Community Colleges to WSU 2019<\/h1>\n<p class=\"cccw-event__date\">Thursday and Friday, October 24 and 25<\/p>\n<p class=\"cccw-event__host\">Hosted by the <a href=\"https:\/\/lsamp.wsu.edu\/\">WSU LSAMP Program<\/a><\/p>","DataVisibility":{"Private":false,"Hidden":false}}},{"SurveyID":"SV_8JiEEGJH517Kvjf","Element":"SQ","PrimaryAttribute":"QID7","SecondaryAttribute":"Contact Details","TertiaryAttribute":null,"Payload":{"QuestionText":"<h2 class=\"cccw-event__section-title\">Contact Details<\/h2>","DefaultChoices":false,"DataExportTag":"Q2.2","QuestionType":"DB","Selector":"TB","Configuration":{"QuestionDescriptionOption":"UseText"},"QuestionDescription":"Contact Details","ChoiceOrder":[],"Validation":{"Settings":{"Type":"None"}},"GradingData":[],"Language":[],"NextChoiceId":4,"NextAnswerId":1,"QuestionID":"QID7","QuestionText_Unsafe":"<h2 class=\"cccw-event__section-title\">Contact Details<\/h2>","DataVisibility":{"Private":false,"Hidden":false}}},{"SurveyID":"SV_8JiEEGJH517Kvjf","Element":"SQ","PrimaryAttribute":"QID33","SecondaryAttribute":"Courses in progress","TertiaryAttribute":null,"Payload":{"QuestionText":"<span class=\"cccw-event__main-question\">Please list the courses you are currently taking this term.<\/span> <span class=\"cccw-event__required-marker\">*<\/span> <br><span class=\"cccw-event__question-note\">Please enter your courses as a comma separated list. For example: ENGL 180, MATH 151, etc.<\/span>","DefaultChoices":false,"DataExportTag":"Q5.4","QuestionID":"QID33","QuestionType":"TE","Selector":"ESTB","Configuration":{"QuestionDescriptionOption":"SpecifyLabel","AllowFreeResponse":"false"},"QuestionDescription":"Courses in progress","Validation":{"Settings":{"ForceResponse":"OFF","ForceResponseType":"ON","Type":"None"}},"GradingData":[],"Language":[],"NextChoiceId":4,"NextAnswerId":1,"QuestionText_Unsafe":"<span class=\"cccw-event__main-question\">Please list the courses you are currently taking this term.<\/span> <span class=\"cccw-event__required-marker\">*<\/span> <br><span class=\"cccw-event__question-note\">Please enter your courses as a comma separated list. For example: ENGL 180, MATH 151, etc.<\/span>","DataVisibility":{"Private":false,"Hidden":false}}},{"SurveyID":"SV_8JiEEGJH517Kvjf","Element":"SQ","PrimaryAttribute":"QID34","SecondaryAttribute":"Cumulative GPA *","TertiaryAttribute":null,"Payload":{"QuestionText":"<span class=\"cccw-event__main-question\">Cumulative GPA<\/span> <span class=\"cccw-event__required-marker\">*<\/span>","DefaultChoices":false,"DataExportTag":"Q4.3","QuestionType":"TE","Selector":"SL","Configuration":{"QuestionDescriptionOption":"UseText","AllowFreeResponse":"false"},"QuestionDescription":"Cumulative GPA *","Validation":{"Settings":{"ForceResponse":"ON","ForceResponseType":"ON","Type":"CustomValidation","CustomValidation":{"Logic":{"0":{"0":{"QuestionID":"QID34","QuestionIsInLoop":"no","ChoiceLocator":"q:\/\/QID34\/ChoiceTextEntryValue","Operator":"MatchesRegex","QuestionIDFromLocator":"QID34","LeftOperand":"q:\/\/QID34\/ChoiceTextEntryValue","RightOperand":"[0-4]\\.?[0-9]?[0-9]?","Type":"Expression","LogicType":"Question","Description":"<span class=\"ConjDesc\">If<\/span> <span class=\"QuestionDesc\">Cumulative GPA<\/span> <span class=\"LeftOpDesc\">Text Response<\/span> <span class=\"OpDesc\">Matches Regex<\/span> <span class=\"RightOpDesc\"> [0-4]\\.?[0-9]?[0-9]? <\/span>"},"Type":"If"},"Type":"BooleanExpression"},"Message":{"messageID":"MS_6EbaL8xyyM8MpIV","subMessageID":"VE_VALIDATION_FAILED","libraryID":"UR_cuOoBWZ8b24yEpD","description":"Validation Failed"}}}},"GradingData":[],"Language":[],"NextChoiceId":4,"NextAnswerId":1,"QuestionID":"QID34","QuestionText_Unsafe":"<span class=\"cccw-event__main-question\">Cumulative GPA<\/span> <span class=\"cccw-event__required-marker\">*<\/span>","DataVisibility":{"Private":false,"Hidden":false}}},{"SurveyID":"SV_8JiEEGJH517Kvjf","Element":"SQ","PrimaryAttribute":"QID14","SecondaryAttribute":"Current college","TertiaryAttribute":null,"Payload":{"QuestionText":"<span class=\"cccw-event__main-question\">College or Institute you currently attend:<\/span> <span class=\"cccw-event__required-marker\">*<\/span>","DataExportTag":"Q4.2","QuestionType":"MC","Selector":"SAVR","SubSelector":"TX","Configuration":{"QuestionDescriptionOption":"SpecifyLabel"},"QuestionDescription":"Current college","Choices":{"1":{"Display":"Big Bend Community College"},"2":{"Display":"Columbia Basin College"},"3":{"Display":"Edmonds Community College"},"4":{"Display":"Highline College"},"5":{"Display":"Olympic College"},"6":{"Display":"Seattle Central College"},"7":{"Display":"Spokane Falls Community College"},"8":{"Display":"Walla Walla Community College"},"9":{"Display":"Wenatchee Valley College"},"10":{"Display":"Yakima Valley Community College"},"11":{"Display":"Other, please specify:","TextEntry":"true"}},"ChoiceOrder":[1,2,3,4,5,6,7,8,9,10,11],"Validation":{"Settings":{"ForceResponse":"ON","ForceResponseType":"ON","Type":"None"}},"Language":[],"NextChoiceId":12,"NextAnswerId":1,"QuestionID":"QID14","DataVisibility":{"Private":false,"Hidden":false},"QuestionText_Unsafe":"<span class=\"cccw-event__main-question\">College or Institute you currently attend:<\/span> <span class=\"cccw-event__required-marker\">*<\/span>"}},{"SurveyID":"SV_8JiEEGJH517Kvjf","Element":"RS","PrimaryAttribute":"RS_bpUhNYfUkc7PkBD","SecondaryAttribute":"Default Response Set","TertiaryAttribute":null,"Payload":null},{"SurveyID":"SV_8JiEEGJH517Kvjf","Element":"SQ","PrimaryAttribute":"QID39","SecondaryAttribute":"Demographics","TertiaryAttribute":null,"Payload":{"QuestionText":"<h1 class=\"cccw-event__section-title\">Demographics<\/h1>","DefaultChoices":false,"DataExportTag":"Q3.1","QuestionType":"DB","Selector":"TB","Configuration":{"QuestionDescriptionOption":"UseText"},"QuestionDescription":"Demographics","ChoiceOrder":[],"Validation":{"Settings":{"Type":"None"}},"GradingData":[],"Language":[],"NextChoiceId":4,"NextAnswerId":1,"QuestionID":"QID39","QuestionText_Unsafe":"<h1 class=\"cccw-event__section-title\">Demographics<\/h1>"}},{"SurveyID":"SV_8JiEEGJH517Kvjf","Element":"SQ","PrimaryAttribute":"QID11","SecondaryAttribute":"Disabilities?","TertiaryAttribute":null,"Payload":{"QuestionText":"<span class=\"cccw-event__main-question\">Do you have any disabilities that will require special accommodation?<\/span> <span class=\"cccw-event__required-marker\">*<\/span>","DefaultChoices":false,"DataExportTag":"Q2.14","QuestionType":"MC","Selector":"SAVR","SubSelector":"TX","Configuration":{"QuestionDescriptionOption":"SpecifyLabel"},"QuestionDescription":"Disabilities?","Choices":{"1":{"Display":"Yes"},"2":{"Display":"No"}},"ChoiceOrder":[1,2],"Validation":{"Settings":{"ForceResponse":"ON","ForceResponseType":"ON","Type":"None"}},"GradingData":[],"Language":[],"NextChoiceId":3,"NextAnswerId":1,"QuestionID":"QID11","QuestionText_Unsafe":"<span class=\"cccw-event__main-question\">Do you have any disabilities that will require special accommodation?<\/span> <span class=\"cccw-event__required-marker\">*<\/span>","DataVisibility":{"Private":false,"Hidden":false}}},{"SurveyID":"SV_8JiEEGJH517Kvjf","Element":"SQ","PrimaryAttribute":"QID18","SecondaryAttribute":"Educational Background","TertiaryAttribute":null,"Payload":{"QuestionText":"<h1 class=\"cccw-event__section-title\">Educational Background<\/h1>","DefaultChoices":false,"DataExportTag":"Q4.1","QuestionType":"DB","Selector":"TB","Configuration":{"QuestionDescriptionOption":"UseText"},"QuestionDescription":"Educational Background","ChoiceOrder":[],"Validation":{"Settings":{"Type":"None"}},"GradingData":[],"Language":[],"NextChoiceId":4,"NextAnswerId":1,"QuestionID":"QID18","QuestionText_Unsafe":"<h1 class=\"cccw-event__section-title\">Educational Background<\/h1>","DataVisibility":{"Private":false,"Hidden":false}}},{"SurveyID":"SV_8JiEEGJH517Kvjf","Element":"SQ","PrimaryAttribute":"QID22","SecondaryAttribute":"Educational Background (Continued)","TertiaryAttribute":null,"Payload":{"QuestionText":"<h1>Educational Background (Continued)<\/h1>","DefaultChoices":false,"DataExportTag":"Q4.4","QuestionType":"DB","Selector":"TB","DataVisibility":{"Private":false,"Hidden":false},"Configuration":{"QuestionDescriptionOption":"UseText"},"QuestionDescription":"Educational Background (Continued)","ChoiceOrder":[],"Validation":{"Settings":{"Type":"None"}},"GradingData":[],"Language":[],"NextChoiceId":4,"NextAnswerId":1,"QuestionID":"QID22","QuestionText_Unsafe":"<h1>Educational Background (Continued)<\/h1>","DisplayLogic":{"0":{"0":{"LogicType":"Question","QuestionID":"QID14","QuestionIsInLoop":"no","ChoiceLocator":"q:\/\/QID14\/SelectableChoice\/10","Operator":"Selected","QuestionIDFromLocator":"QID14","LeftOperand":"q:\/\/QID14\/SelectableChoice\/10","Type":"Expression","Description":"<span class=\"ConjDesc\">If<\/span> <span class=\"QuestionDesc\">College or Institute you currently attend: *<\/span> <span class=\"LeftOpDesc\">Yakima Valley Community College<\/span> <span class=\"OpDesc\">Is Selected<\/span> "},"Type":"If"},"Type":"BooleanExpression","inPage":false}}},{"SurveyID":"SV_8JiEEGJH517Kvjf","Element":"SQ","PrimaryAttribute":"QID8","SecondaryAttribute":"Email","TertiaryAttribute":null,"Payload":{"QuestionText":"<span class=\"cccw-event__main-question\">Email Address<\/span> <span class=\"cccw-event__required-marker\">*<\/span><br>\n<span class=\"cccw-event__question-note\">This will be our primary way of sending you updates and\/or reminders about the event.<\/span>","DefaultChoices":false,"DataExportTag":"Q2.6","QuestionType":"TE","Selector":"SL","DataVisibility":{"Private":false,"Hidden":false},"Configuration":{"QuestionDescriptionOption":"SpecifyLabel","AllowFreeResponse":"false"},"QuestionDescription":"Email","Validation":{"Settings":{"ForceResponse":"ON","ForceResponseType":"ON","Type":"None"}},"GradingData":[],"Language":[],"NextChoiceId":4,"NextAnswerId":1,"QuestionID":"QID8","QuestionText_Unsafe":"<span class=\"cccw-event__main-question\">Email Address<\/span> <span class=\"cccw-event__required-marker\">*<\/span><br>\n<span class=\"cccw-event__question-note\">This will be our primary way of sending you updates and\/or reminders about the event.<\/span>"}},{"SurveyID":"SV_8JiEEGJH517Kvjf","Element":"SQ","PrimaryAttribute":"QID43","SecondaryAttribute":"Enter date of birth *","TertiaryAttribute":null,"Payload":{"QuestionText":"<span class=\"cccw-event__main-question\">Enter date of birth<\/span> <span class=\"cccw-event__required-marker\">*<\/span>","DefaultChoices":false,"DataExportTag":"Q3.2","QuestionType":"SBS","Selector":"SBSMatrix","Configuration":{"QuestionDescriptionOption":"UseText","RepeatHeaders":"none"},"QuestionDescription":"Enter date of birth *","Choices":{"1":{"Display":"Please Select:"}},"ChoiceOrder":["1"],"Validation":{"Settings":{"ForceResponse":"ON","ForceResponseType":"ON","Type":"None"}},"GradingData":[],"Language":[],"NextChoiceId":5,"NextAnswerId":4,"NumberOfQuestions":3,"AdditionalQuestions":{"1":{"Answers":{"1":{"Display":"January"},"2":{"Display":"February"},"3":{"Display":"March"},"4":{"Display":"April"},"5":{"Display":"May"},"6":{"Display":"June"},"7":{"Display":"July"},"8":{"Display":"August"},"9":{"Display":"September"},"10":{"Display":"October"},"11":{"Display":"November"},"12":{"Display":"December"}},"QuestionText":"Month","RecodeValues":[],"VariableNaming":[],"AnalyzeChoices":[],"QuestionType":"Matrix","Selector":"Likert","SubSelector":"DL","ChoiceColumnWidthPixels":null,"DataExportTag":"Q43#1","QuestionID":"QID43#1","Choices":{"1":{"Display":"Please Select:"}},"ChoiceDataExportTags":false,"Validation":{"Settings":{"ForceResponse":"ON"}},"QuestionDescription":"Month","Configuration":{"QuestionDescriptionOption":"UseText"}},"2":{"Answers":{"1":{"Display":"1"},"2":{"Display":"2"},"3":{"Display":"3"},"4":{"Display":"4"},"5":{"Display":"5"},"6":{"Display":"6"},"7":{"Display":"7"},"8":{"Display":"8"},"9":{"Display":"9"},"10":{"Display":"10"},"11":{"Display":"11"},"12":{"Display":"12"},"13":{"Display":"13"},"14":{"Display":"14"},"15":{"Display":"15"},"16":{"Display":"16"},"17":{"Display":"17"},"18":{"Display":"18"},"19":{"Display":"19"},"20":{"Display":"20"},"21":{"Display":"21"},"22":{"Display":"22"},"23":{"Display":"23"},"24":{"Display":"24"},"25":{"Display":"25"},"26":{"Display":"26"},"27":{"Display":"27"},"28":{"Display":"28"},"29":{"Display":"29"},"30":{"Display":"30"},"31":{"Display":"31"}},"QuestionText":"Day","RecodeValues":[],"VariableNaming":[],"AnalyzeChoices":[],"QuestionType":"Matrix","Selector":"Likert","SubSelector":"DL","ChoiceColumnWidthPixels":null,"DataExportTag":"Q43#2","QuestionID":"QID43#2","Choices":{"1":{"Display":"Please Select:"}},"ChoiceDataExportTags":false,"Validation":{"Settings":{"ForceResponse":"ON"}},"QuestionDescription":"Day","Configuration":{"QuestionDescriptionOption":"UseText"}},"3":{"Answers":{"1":{"Display":"2019"},"2":{"Display":"2018"},"3":{"Display":"2017"},"4":{"Display":"2016"},"5":{"Display":"2015"},"6":{"Display":"2014"},"7":{"Display":"2013"},"8":{"Display":"2012"},"9":{"Display":"2011"},"10":{"Display":"2000"},"11":{"Display":"1999"},"12":{"Display":"1998"},"13":{"Display":"1997"},"14":{"Display":"1996"},"15":{"Display":"1995"},"16":{"Display":"1994"},"17":{"Display":"1993"},"18":{"Display":"1992"},"19":{"Display":"1991"},"20":{"Display":"1990"},"21":{"Display":"1989"},"22":{"Display":"1988"},"23":{"Display":"1987"},"24":{"Display":"1986"},"25":{"Display":"1985"},"26":{"Display":"1984"},"27":{"Display":"1983"},"28":{"Display":"1982"},"29":{"Display":"1981"},"30":{"Display":"1980"},"31":{"Display":"1979"},"32":{"Display":"1978"},"33":{"Display":"1977"},"34":{"Display":"1976"},"35":{"Display":"1975"},"36":{"Display":"1974"},"37":{"Display":"1973"},"38":{"Display":"1972"},"39":{"Display":"1971"},"40":{"Display":"1970"},"41":{"Display":"1969"},"42":{"Display":"1968"},"43":{"Display":"1967"},"44":{"Display":"1966"},"45":{"Display":"1965"},"46":{"Display":"1964"},"47":{"Display":"1963"},"48":{"Display":"1962"},"49":{"Display":"1961"},"50":{"Display":"1960"},"51":{"Display":"1959"},"52":{"Display":"1958"},"53":{"Display":"1957"},"54":{"Display":"1956"},"55":{"Display":"1955"},"56":{"Display":"1954"},"57":{"Display":"1953"},"58":{"Display":"1952"},"59":{"Display":"1951"},"60":{"Display":"1950"},"61":{"Display":"1949"},"62":{"Display":"1948"},"63":{"Display":"1947"},"64":{"Display":"1946"},"65":{"Display":"1945"},"66":{"Display":"1944"},"67":{"Display":"1943"},"68":{"Display":"1942"},"69":{"Display":"1941"},"70":{"Display":"1940"},"71":{"Display":"1939"},"72":{"Display":"1938"},"73":{"Display":"1937"},"74":{"Display":"1936"},"75":{"Display":"1935"},"76":{"Display":"1934"},"77":{"Display":"1933"},"78":{"Display":"1932"},"79":{"Display":"1931"},"80":{"Display":"1930"},"81":{"Display":"1929"},"82":{"Display":"1928"},"83":{"Display":"1927"},"84":{"Display":"1926"},"85":{"Display":"1925"},"86":{"Display":"1924"},"87":{"Display":"1923"},"88":{"Display":"1922"},"89":{"Display":"1921"},"90":{"Display":"1920"},"91":{"Display":"1919"}},"QuestionText":"Year","RecodeValues":[],"VariableNaming":[],"AnalyzeChoices":[],"QuestionType":"Matrix","Selector":"Likert","SubSelector":"DL","ChoiceColumnWidthPixels":null,"DataExportTag":"Q43#3","QuestionID":"QID43#3","Choices":{"1":{"Display":"Please Select:"}},"ChoiceDataExportTags":false,"Validation":{"Settings":{"ForceResponse":"ON"}},"QuestionDescription":"Year","Configuration":{"QuestionDescriptionOption":"UseText"}}},"ChoiceDataExportTags":false,"QuestionID":"QID43","QuestionJS":"Qualtrics.SurveyEngine.addOnload( function() {\n  var qid=this.questionId;\n  var mo=document.getElementsByName('QR~'+qid+'#1~1')[0];\n  var day=document.getElementsByName('QR~'+qid+'#2~1')[0];\n  var yr=document.getElementsByName('QR~'+qid+'#3~1')[0];\n\n  function adjustOptions()\n  {\n    day.options[29].disabled = 0;\n    day.options[30].disabled = 0;\n    day.options[31].disabled = 0; \n    if( mo.selectedIndex == 2 || mo.selectedIndex == 4 || mo.selectedIndex == 6 || mo.selectedIndex == 9 || mo.selectedIndex == 11 )\n    {\n      day.options[31].disabled = 1;\n      if( day.selectedIndex == 31 ) {\n        day.selectedIndex = 30;\n      };\n      if( mo.selectedIndex == 2 )\n      {\n        day.options[30].disabled = 1;\n        if( day.selectedIndex == 30 ) {\n          day.selectedIndex = 29;\n        }                      \n        if( parseInt( yr.options[yr.selectedIndex].innerHTML, 10 ) % 4 != 0) {\n          day.options[29].disabled = 1;\n          if( day.selectedIndex == 29 ) {\n            day.selectedIndex = 28;\n          } \n        } else {\n          day.options[29].disabled = 0;\n        }      \n      }\n    }\n  }\n\n  yr.onchange = function(){ adjustOptions(); };\n  mo.onchange = function(){ adjustOptions(); };\n} );","DataVisibility":{"Private":false,"Hidden":false},"QuestionText_Unsafe":"<span class=\"cccw-event__main-question\">Enter date of birth<\/span> <span class=\"cccw-event__required-marker\">*<\/span>"}},{"SurveyID":"SV_8JiEEGJH517Kvjf","Element":"SQ","PrimaryAttribute":"QID1","SecondaryAttribute":"First name *","TertiaryAttribute":null,"Payload":{"QuestionText":"<span class=\"cccw-event__main-question\">First name<\/span> <span class=\"cccw-event__required-marker\">*<\/span>","DefaultChoices":false,"DataExportTag":"Q2.3","QuestionType":"TE","Selector":"SL","Configuration":{"QuestionDescriptionOption":"UseText","AllowFreeResponse":"false"},"QuestionDescription":"First name *","Validation":{"Settings":{"ForceResponse":"ON","ForceResponseType":"ON","Type":"None"}},"GradingData":[],"Language":[],"NextChoiceId":4,"NextAnswerId":1,"QuestionID":"QID1","QuestionText_Unsafe":"<span class=\"cccw-event__main-question\">First name<\/span> <span class=\"cccw-event__required-marker\">*<\/span>","DataVisibility":{"Private":false,"Hidden":false}}},{"SurveyID":"SV_8JiEEGJH517Kvjf","Element":"SQ","PrimaryAttribute":"QID38","SecondaryAttribute":"Gender","TertiaryAttribute":null,"Payload":{"QuestionText":"<span class=\"cccw-event__main-question\">Which of the following best describes how you identify your gender?<\/span> <span class=\"cccw-event__required-marker\">*<\/span>","DefaultChoices":false,"DataExportTag":"Q3.3","QuestionType":"MC","Selector":"SAVR","SubSelector":"TX","Configuration":{"QuestionDescriptionOption":"SpecifyLabel"},"QuestionDescription":"Gender","Choices":{"1":{"Display":"Male"},"2":{"Display":"Female"},"3":{"Display":"Transgender Male"},"4":{"Display":"Other (Please specify:)","TextEntry":"true"},"5":{"Display":"Transgender Female"}},"ChoiceOrder":["1","2","3","5","4"],"Validation":{"Settings":{"ForceResponse":"ON","ForceResponseType":"ON","Type":"None"}},"GradingData":[],"Language":[],"NextChoiceId":7,"NextAnswerId":1,"QuestionID":"QID38","DataVisibility":{"Private":false,"Hidden":false},"QuestionText_Unsafe":"<span class=\"cccw-event__main-question\">Which of the following best describes how you identify your gender?<\/span> <span class=\"cccw-event__required-marker\">*<\/span>"}},{"SurveyID":"SV_8JiEEGJH517Kvjf","Element":"SQ","PrimaryAttribute":"QID25","SecondaryAttribute":"Intended major area","TertiaryAttribute":null,"Payload":{"QuestionText":"<span class=\"cccw-event__main-question\">Topic area of intended major<\/span> <span class=\"cccw-event__required-marker\">*<\/span> <br><span class=\"cccw-event__question-note\">Which one of following topic areas will contain your intended major that you will pursue after transferring?<\/span>","DataExportTag":"Q5.2","QuestionType":"MC","Selector":"SAVR","Configuration":{"QuestionDescriptionOption":"SpecifyLabel"},"QuestionDescription":"Intended major area","Choices":{"1":{"Display":"Agricultural Sciences"},"2":{"Display":"Chemistry"},"3":{"Display":"Computer Science"},"4":{"Display":"Engineering"},"5":{"Display":"Environmental Sciences"},"6":{"Display":"Geosciences"},"7":{"Display":"Life\/Biological Sciences"},"8":{"Display":"Mathematics"},"9":{"Display":"Neurosciences"},"10":{"Display":"Physics\/Astronomy"},"11":{"Display":"Undecided"},"13":{"Display":"Other","TextEntry":"true"}},"ChoiceOrder":["1","2","3","4","5","6","7","8","9","10","11","13"],"Validation":{"Settings":{"ForceResponse":"ON","ForceResponseType":"ON","Type":"None"}},"Language":[],"NextChoiceId":14,"NextAnswerId":1,"QuestionID":"QID25","QuestionText_Unsafe":"<span class=\"cccw-event__main-question\">Intended major<\/span> <span class=\"cccw-event__required-marker\">*<\/span> <br><span class=\"cccw-event__question-note\">What is the intended major you will pursue after transferring? Please select one of the official WSU majors below that best describes it.<\/span>","DataVisibility":{"Private":false,"Hidden":false},"SubSelector":"TX"}},{"SurveyID":"SV_8JiEEGJH517Kvjf","Element":"SQ","PrimaryAttribute":"QID4","SecondaryAttribute":"Last Name *","TertiaryAttribute":null,"Payload":{"QuestionText":"<span class=\"cccw-event__main-question\">Last Name<\/span> <span class=\"cccw-event__required-marker\">*<\/span>","DefaultChoices":false,"DataExportTag":"Q2.5","QuestionType":"TE","Selector":"SL","DataVisibility":{"Private":false,"Hidden":false},"Configuration":{"QuestionDescriptionOption":"UseText","AllowFreeResponse":"false"},"QuestionDescription":"Last Name *","Validation":{"Settings":{"ForceResponse":"ON","ForceResponseType":"ON","Type":"None"}},"GradingData":[],"Language":[],"NextChoiceId":4,"NextAnswerId":1,"QuestionID":"QID4","QuestionText_Unsafe":"<span class=\"cccw-event__main-question\">Last Name<\/span> <span class=\"cccw-event__required-marker\">*<\/span>"}},{"SurveyID":"SV_8JiEEGJH517Kvjf","Element":"SQ","PrimaryAttribute":"QID17","SecondaryAttribute":"Let's Get Started","TertiaryAttribute":null,"Payload":{"QuestionText":"<h2 class=\"cccw-event__section-title\">Let's Get Started<\/h2>","DefaultChoices":false,"DataExportTag":"Q1.3","QuestionType":"DB","Selector":"TB","Configuration":{"QuestionDescriptionOption":"UseText"},"QuestionDescription":"Let's Get Started","ChoiceOrder":[],"Validation":{"Settings":{"Type":"None"}},"GradingData":[],"Language":[],"NextChoiceId":4,"NextAnswerId":1,"QuestionID":"QID17","QuestionText_Unsafe":"<h2 class=\"cccw-event__section-title\">Let's Get Started<\/h2>","DataVisibility":{"Private":false,"Hidden":false}}},{"SurveyID":"SV_8JiEEGJH517Kvjf","Element":"SQ","PrimaryAttribute":"QID3","SecondaryAttribute":"Middle Initial","TertiaryAttribute":null,"Payload":{"QuestionText":"<span class=\"cccw-event__main-question\">Middle Initial<\/span>","DefaultChoices":false,"DataExportTag":"Q2.4","QuestionType":"TE","Selector":"SL","DataVisibility":{"Private":false,"Hidden":false},"Configuration":{"QuestionDescriptionOption":"UseText","AllowFreeResponse":"false"},"QuestionDescription":"Middle Initial","Validation":{"Settings":{"ForceResponse":"OFF","ForceResponseType":"ON","Type":"None"}},"GradingData":[],"Language":[],"NextChoiceId":4,"NextAnswerId":1,"QuestionID":"QID3","QuestionText_Unsafe":"<span class=\"cccw-event__main-question\">Middle Initial<\/span>"}},{"SurveyID":"SV_8JiEEGJH517Kvjf","Element":"SQ","PrimaryAttribute":"QID41","SecondaryAttribute":"Morning workshop choice (for those with special needs)","TertiaryAttribute":null,"Payload":{"QuestionText":"<span class=\"cccw-event__main-question\">Gearing Up: Special Topics<\/span> <span class=\"cccw-event__required-marker\">*<\/span> <br><span class=\"cccw-event__question-note\">Please select a morning workshop to attend from one of the three following options.<\/span>","DataExportTag":"Q6.3","QuestionType":"MC","Selector":"SAVR","SubSelector":"TX","Configuration":{"QuestionDescriptionOption":"SpecifyLabel"},"QuestionDescription":"Morning workshop choice (for those with special needs)","Choices":{"1":{"Display":"\"Internships & Professional Development\" \u2013 Find out about opportunities to lay a foundation for your career"},"2":{"Display":"\"Graduate School Exploration\" Join us for graduate programs &amp; opportunities at WSU"},"3":{"Display":"\"Research Opportunities at WSU\" Learn about research opportunities and more on\/off WSU campus"}},"ChoiceOrder":["1","2","3"],"Validation":{"Settings":{"ForceResponse":"ON","ForceResponseType":"ON","Type":"None"}},"Language":[],"NextChoiceId":4,"NextAnswerId":1,"QuestionID":"QID41","DisplayLogic":{"0":{"0":{"LogicType":"Question","QuestionID":"QID11","QuestionIsInLoop":"no","ChoiceLocator":"q:\/\/QID11\/SelectableChoice\/1","Operator":"Selected","QuestionIDFromLocator":"QID11","LeftOperand":"q:\/\/QID11\/SelectableChoice\/1","Type":"Expression","Description":"<span class=\"ConjDesc\">If<\/span> <span class=\"QuestionDesc\">Disabilities?<\/span> <span class=\"LeftOpDesc\">Yes<\/span> <span class=\"OpDesc\">Is Selected<\/span> "},"Type":"If"},"Type":"BooleanExpression","inPage":false},"QuestionText_Unsafe":"<span class=\"cccw-event__main-question\">Gearing Up: Special Topics<\/span> <span class=\"cccw-event__required-marker\">*<\/span> <br><span class=\"cccw-event__question-note\">Please select a morning workshop to attend from one of the three following options.<\/span>","DataVisibility":{"Private":false,"Hidden":false}}},{"SurveyID":"SV_8JiEEGJH517Kvjf","Element":"SQ","PrimaryAttribute":"QID35","SecondaryAttribute":"Morning workshop ranking","TertiaryAttribute":null,"Payload":{"QuestionText":"<span class=\"cccw-event__main-question\">Gearing Up: Special Topics<\/span> <span class=\"cccw-event__required-marker\">*<\/span> <br><span class=\"cccw-event__question-note\">You have <strong>three options<\/strong> for a morning workshop. Please rank your interest in these sessions by dragging them into order as follows. The top most session, marked with a 1, will indicate your top choice. The bottom most session, marked with a 3, will indicate the workshop you are least interested in.<\/span><br>&nbsp;<br>(<strong>Please note:<\/strong> Even if the workshops are already in the order you prefer, you will need to slightly drag around at least one of the workshop options in place. This will tell form you approve of the default order.)","DefaultChoices":false,"DataExportTag":"Q6.2","QuestionType":"RO","Selector":"DND","SubSelector":"TX","Configuration":{"QuestionDescriptionOption":"SpecifyLabel"},"QuestionDescription":"Morning workshop ranking","Choices":{"1":{"Display":"\"Internships & Professional Development\" \u2013 Find out about opportunities to lay a foundation for your career"},"2":{"Display":"\"Graduate School Exploration\" \u2013 Join us for graduate programs &amp; opportunities at WSU"},"3":{"Display":"\"Research Opportunities at WSU\" \u2013 Learn about research opportunities and more on\/off WSU campus"}},"ChoiceOrder":["1","2","3"],"Validation":{"Settings":{"ForceResponse":"ON","Type":"None"}},"GradingData":[],"Language":[],"NextChoiceId":4,"NextAnswerId":1,"QuestionID":"QID35","DataVisibility":{"Private":false,"Hidden":false},"DisplayLogic":{"0":{"0":{"LogicType":"Question","QuestionID":"QID11","QuestionIsInLoop":"no","ChoiceLocator":"q:\/\/QID11\/SelectableChoice\/2","Operator":"Selected","QuestionIDFromLocator":"QID11","LeftOperand":"q:\/\/QID11\/SelectableChoice\/2","Type":"Expression","Description":"<span class=\"ConjDesc\">If<\/span> <span class=\"QuestionDesc\">Disabilities?<\/span> <span class=\"LeftOpDesc\">No<\/span> <span class=\"OpDesc\">Is Selected<\/span> "},"Type":"If"},"Type":"BooleanExpression","inPage":false},"QuestionText_Unsafe":"<span class=\"cccw-event__main-question\">Gearing Up: Special Topics<\/span> <span class=\"cccw-event__required-marker\">*<\/span> <br><span class=\"cccw-event__question-note\">You have <strong>three options<\/strong> for a morning workshop. Please rank your interest in these sessions by dragging them into order as follows. The top most session, marked with a 1, will indicate your top choice. The bottom most session, marked with a 3, will indicate the workshop you are least interested in.<\/span>"}},{"SurveyID":"SV_8JiEEGJH517Kvjf","Element":"SQ","PrimaryAttribute":"QID13","SecondaryAttribute":"Occupation","TertiaryAttribute":null,"Payload":{"QuestionText":"<span class=\"cccw-event__main-question\">What is your occupation\/position?<\/span> <span class=\"cccw-event__required-marker\">*<\/span>","DataExportTag":"Q1.4","QuestionType":"MC","Selector":"SAVR","SubSelector":"TX","Configuration":{"QuestionDescriptionOption":"SpecifyLabel"},"QuestionDescription":"Occupation","Choices":{"1":{"Display":"Community college student"},"3":{"Display":"Community college faculty\/staff (e.g., MESA\/LSAMP chaperones, advisors, etc.)"},"4":{"Display":"WSU presenter\/volunteer (e.g., panelist, advisor, etc.)"}},"ChoiceOrder":[1,3,4],"Validation":{"Settings":{"ForceResponse":"ON","ForceResponseType":"ON","Type":"None"}},"Language":[],"NextChoiceId":6,"NextAnswerId":1,"QuestionID":"QID13","DataVisibility":{"Private":false,"Hidden":false},"QuestionText_Unsafe":"<span class=\"cccw-event__main-question\">What is your occupation\/position?<\/span> <span class=\"cccw-event__required-marker\">*<\/span>"}},{"SurveyID":"SV_8JiEEGJH517Kvjf","Element":"SQ","PrimaryAttribute":"QID9","SecondaryAttribute":"Phone Number","TertiaryAttribute":null,"Payload":{"QuestionText":"<span class=\"cccw-event__main-question\">Phone Number<\/span>","DefaultChoices":false,"DataExportTag":"Q2.7","QuestionID":"QID9","QuestionType":"TE","Selector":"SL","Configuration":{"QuestionDescriptionOption":"UseText","AllowFreeResponse":"false"},"QuestionDescription":"Phone Number","Validation":{"Settings":{"ForceResponse":"OFF","ForceResponseType":"ON","Type":"None"}},"GradingData":[],"Language":[],"NextChoiceId":4,"NextAnswerId":1,"QuestionText_Unsafe":"<span class=\"cccw-event__main-question\">Phone Number<\/span>","DataVisibility":{"Private":false,"Hidden":false}}},{"SurveyID":"SV_8JiEEGJH517Kvjf","Element":"SQ","PrimaryAttribute":"QID23","SecondaryAttribute":"Plans for Transferring","TertiaryAttribute":null,"Payload":{"QuestionText":"<h1 class=\"cccw-event__section-title\">Plans for Transferring<\/h1>","DefaultChoices":false,"DataExportTag":"Q5.1","QuestionType":"DB","Selector":"TB","DataVisibility":{"Private":false,"Hidden":false},"Configuration":{"QuestionDescriptionOption":"UseText"},"QuestionDescription":"Plans for Transferring","ChoiceOrder":[],"Validation":{"Settings":{"Type":"None"}},"GradingData":[],"Language":[],"NextChoiceId":4,"NextAnswerId":1,"QuestionID":"QID23","QuestionText_Unsafe":"<h1 class=\"cccw-event__section-title\">Plans for Transferring<\/h1>"}},{"SurveyID":"SV_8JiEEGJH517Kvjf","Element":"SQ","PrimaryAttribute":"QID48","SecondaryAttribute":"Please specify the field of engineering you are planning on studying, if you know it.","TertiaryAttribute":null,"Payload":{"QuestionText":"Please specify the field of engineering you are planning on studying, if you know it.","DefaultChoices":false,"DataExportTag":"Q48","QuestionID":"QID48","QuestionType":"TE","Selector":"SL","Configuration":{"QuestionDescriptionOption":"UseText","AllowFreeResponse":"false"},"QuestionDescription":"Please specify the field of engineering you are planning on studying, if you know it.","InPageDisplayLogic":{"0":{"0":{"QuestionID":"QID25","QuestionIsInLoop":"no","ChoiceLocator":"q:\/\/QID25\/SelectableChoice\/4","Operator":"Selected","QuestionIDFromLocator":"QID25","LeftOperand":"q:\/\/QID25\/SelectableChoice\/4","Type":"Expression","LogicType":"Question","Description":"<span class=\"ConjDesc\">If<\/span> <span class=\"QuestionDesc\">Intended major area<\/span> <span class=\"LeftOpDesc\">Engineering<\/span> <span class=\"OpDesc\">Is Selected<\/span> "},"Type":"If"},"Type":"BooleanExpression","inPage":true},"Validation":{"Settings":{"ForceResponse":"OFF","ForceResponseType":"ON","Type":"None"}},"GradingData":[],"Language":[],"NextChoiceId":11,"NextAnswerId":1}},{"SurveyID":"SV_8JiEEGJH517Kvjf","Element":"SQ","PrimaryAttribute":"QID30","SecondaryAttribute":"Postal Code *","TertiaryAttribute":null,"Payload":{"QuestionText":"<span class=\"cccw-event__main-question\">Postal Code<\/span> <span class=\"cccw-event__required-marker\">*<\/span>","DefaultChoices":false,"DataExportTag":"Q2.12","QuestionType":"TE","Selector":"SL","DataVisibility":{"Private":false,"Hidden":false},"Configuration":{"QuestionDescriptionOption":"UseText","AllowFreeResponse":"false"},"QuestionDescription":"Postal Code *","DisplayLogic":{"0":{"0":{"LogicType":"Question","QuestionID":"QID13","QuestionIsInLoop":"no","ChoiceLocator":"q:\/\/QID13\/SelectableChoice\/1","Operator":"Selected","QuestionIDFromLocator":"QID13","LeftOperand":"q:\/\/QID13\/SelectableChoice\/1","Type":"Expression","Description":"<span class=\"ConjDesc\">If<\/span> <span class=\"QuestionDesc\">Occupation<\/span> <span class=\"LeftOpDesc\">Community college student<\/span> <span class=\"OpDesc\">Is Selected<\/span> "},"Type":"If"},"Type":"BooleanExpression","inPage":false},"Validation":{"Settings":{"ForceResponse":"ON","ForceResponseType":"ON","Type":"None"}},"GradingData":[],"Language":[],"NextChoiceId":4,"NextAnswerId":1,"QuestionID":"QID30","QuestionText_Unsafe":"<span class=\"cccw-event__main-question\">Postal Code<\/span> <span class=\"cccw-event__required-marker\">*<\/span>"}},{"SurveyID":"SV_8JiEEGJH517Kvjf","Element":"SQ","PrimaryAttribute":"QID47","SecondaryAttribute":"Ready to Submit?","TertiaryAttribute":null,"Payload":{"QuestionText":"<h1 class=\"cccw-event__section-title\">Ready to Submit?<\/h1>","DefaultChoices":false,"DataExportTag":"Q47","QuestionType":"DB","Selector":"TB","Configuration":{"QuestionDescriptionOption":"UseText"},"QuestionDescription":"Ready to Submit?","ChoiceOrder":[],"Validation":{"Settings":{"Type":"None"}},"GradingData":[],"Language":[],"NextChoiceId":4,"NextAnswerId":1,"QuestionID":"QID47"}},{"SurveyID":"SV_8JiEEGJH517Kvjf","Element":"SQ","PrimaryAttribute":"QID42","SecondaryAttribute":"Registration Fee Notice","TertiaryAttribute":null,"Payload":{"QuestionText":"<h2 class=\"cccw-event__section-title\">Registration Fee<\/h2>\n<p>Please note that <strong>a $25 registration fee<\/strong>&nbsp;will be needed to finalize and confirm your registration. This fee will be paid online at the end of the registration process. Please have your payment method ready.<\/p>","DefaultChoices":false,"DataExportTag":"Q1.5","QuestionType":"DB","Selector":"TB","Configuration":{"QuestionDescriptionOption":"SpecifyLabel"},"QuestionDescription":"Registration Fee Notice","InPageDisplayLogic":{"0":{"0":{"QuestionID":"QID13","QuestionIsInLoop":"no","ChoiceLocator":"q:\/\/QID13\/SelectableChoice\/1","Operator":"Selected","QuestionIDFromLocator":"QID13","LeftOperand":"q:\/\/QID13\/SelectableChoice\/1","Type":"Expression","LogicType":"Question","Description":"<span class=\"ConjDesc\">If<\/span> <span class=\"QuestionDesc\">Occupation<\/span> <span class=\"LeftOpDesc\">Community college student<\/span> <span class=\"OpDesc\">Is Selected<\/span> "},"Type":"If"},"Type":"BooleanExpression","inPage":true},"ChoiceOrder":[],"Validation":{"Settings":{"Type":"None"}},"GradingData":[],"Language":[],"NextChoiceId":4,"NextAnswerId":1,"QuestionID":"QID42","DataVisibility":{"Private":false,"Hidden":false},"QuestionText_Unsafe":"<h2 class=\"cccw-event__section-title\">Registration Fee<\/h2>\n<p>Please note that <strong>a $25 registration fee<\/strong>&nbsp;will be needed to finalize and confirm your registration. This fee will be paid online at the end of the registration process. Please have your payment method ready.<\/p>"}},{"SurveyID":"SV_8JiEEGJH517Kvjf","Element":"SQ","PrimaryAttribute":"QID16","SecondaryAttribute":"Registration Process Completed Good news, ${e:\/\/Field\/fName}! With the successful submission of y...","TertiaryAttribute":null,"Payload":{"QuestionText":"<h1>Registration Process Completed<\/h1>\n<p>Good news, ${e:\/\/Field\/fName}! With the successful submission of your registration information and payment, you are now registered and confirmed for <em>Connecting Community Colleges to WSU 2019<\/em>. We look forward to seeing you on October 24 and 25, 2019! Please contact <a href=\"mailto:wsu.lsamp@wsu.edu\">wsu.lsamp@wsu.edu<\/a> in the meantime if you have any questions.<\/p>","DefaultChoices":false,"DataExportTag":"Q16","QuestionType":"DB","Selector":"TB","Configuration":{"QuestionDescriptionOption":"UseText"},"QuestionDescription":"Registration Process Completed Good news, ${e:\/\/Field\/fName}! With the successful submission of y...","ChoiceOrder":[],"Validation":{"Settings":{"Type":"None"}},"GradingData":[],"Language":[],"NextChoiceId":4,"NextAnswerId":1,"QuestionID":"QID16","DataVisibility":{"Private":false,"Hidden":false}}},{"SurveyID":"SV_8JiEEGJH517Kvjf","Element":"SQ","PrimaryAttribute":"QID10","SecondaryAttribute":"Special Needs","TertiaryAttribute":null,"Payload":{"QuestionText":"<h1 class=\"cccw-event__section-title\">Special Needs<\/h1>","DefaultChoices":false,"DataExportTag":"Q2.13","QuestionType":"DB","Selector":"TB","Configuration":{"QuestionDescriptionOption":"UseText"},"QuestionDescription":"Special Needs","ChoiceOrder":[],"Validation":{"Settings":{"Type":"None"}},"GradingData":[],"Language":[],"NextChoiceId":4,"NextAnswerId":1,"QuestionID":"QID10","QuestionText_Unsafe":"<h1 class=\"cccw-event__section-title\">Special Needs<\/h1>","DataVisibility":{"Private":false,"Hidden":false}}},{"SurveyID":"SV_8JiEEGJH517Kvjf","Element":"SQ","PrimaryAttribute":"QID31","SecondaryAttribute":"State *","TertiaryAttribute":null,"Payload":{"QuestionText":"<span class=\"cccw-event__main-question\">State<\/span> <span class=\"cccw-event__required-marker\">*<\/span>","DefaultChoices":false,"DataExportTag":"Q2.11","QuestionType":"MC","Selector":"DL","DataVisibility":{"Private":false,"Hidden":false},"Configuration":{"QuestionDescriptionOption":"UseText"},"QuestionDescription":"State *","Choices":{"4":{"Display":"Alabama"},"5":{"Display":"Alaska"},"6":{"Display":"Arizona"},"7":{"Display":"Arkansas"},"8":{"Display":"California"},"9":{"Display":"Colorado"},"10":{"Display":"Connecticut"},"11":{"Display":"Delaware"},"12":{"Display":"District of Columbia"},"13":{"Display":"Florida"},"14":{"Display":"Georgia"},"15":{"Display":"Hawaii"},"16":{"Display":"Idaho"},"17":{"Display":"Illinois"},"18":{"Display":"Indiana"},"19":{"Display":"Iowa"},"20":{"Display":"Kansas"},"21":{"Display":"Kentucky"},"22":{"Display":"Louisiana"},"23":{"Display":"Maine"},"24":{"Display":"Maryland"},"25":{"Display":"Massachusetts"},"26":{"Display":"Michigan"},"27":{"Display":"Minnesota"},"28":{"Display":"Mississippi"},"29":{"Display":"Missouri"},"30":{"Display":"Montana"},"31":{"Display":"Nebraska"},"32":{"Display":"Nevada"},"33":{"Display":"New Hampshire"},"34":{"Display":"New Jersey"},"35":{"Display":"New Mexico"},"36":{"Display":"New York"},"37":{"Display":"North Carolina"},"38":{"Display":"North Dakota"},"39":{"Display":"Ohio"},"40":{"Display":"Oklahoma"},"41":{"Display":"Oregon"},"42":{"Display":"Pennsylvania"},"43":{"Display":"Puerto Rico"},"44":{"Display":"Rhode Island"},"45":{"Display":"South Carolina"},"47":{"Display":"South Dakota"},"50":{"Display":"Tennessee"},"51":{"Display":"Texas"},"52":{"Display":"Utah"},"53":{"Display":"Vermont"},"54":{"Display":"Virginia"},"55":{"Display":"Washington"},"56":{"Display":"West Virginia"},"57":{"Display":"Wisconsin"},"58":{"Display":"Wyoming"},"59":{"Display":"I do not reside in the United States"}},"DisplayLogic":{"0":{"0":{"LogicType":"Question","QuestionID":"QID13","QuestionIsInLoop":"no","ChoiceLocator":"q:\/\/QID13\/SelectableChoice\/1","Operator":"Selected","QuestionIDFromLocator":"QID13","LeftOperand":"q:\/\/QID13\/SelectableChoice\/1","Type":"Expression","Description":"<span class=\"ConjDesc\">If<\/span> <span class=\"QuestionDesc\">Occupation<\/span> <span class=\"LeftOpDesc\">Community college student<\/span> <span class=\"OpDesc\">Is Selected<\/span> "},"Type":"If"},"Type":"BooleanExpression","inPage":false},"ChoiceOrder":["4","5","6","7","8","9","10","11","12","13","14","15","16","17","18","19","20","21","22","23","24","25","26","27","28","29","30","31","32","33","34","35","36","37","38","39","40","41","42","43","44","45","47","50","51","52","53","54","55","56","57","58","59"],"Validation":{"Settings":{"ForceResponse":"ON","ForceResponseType":"ON","Type":"None"}},"GradingData":[],"Language":[],"NextChoiceId":60,"NextAnswerId":1,"QuestionID":"QID31","QuestionText_Unsafe":"<span class=\"cccw-event__main-question\">State<\/span> <span class=\"cccw-event__required-marker\">*<\/span>"}},{"SurveyID":"SV_8JiEEGJH517Kvjf","Element":"SQ","PrimaryAttribute":"QID44","SecondaryAttribute":"Student Registration","TertiaryAttribute":null,"Payload":{"QuestionText":"<h1 class=\"cccw-event__title\">Student Registration<\/h1>","DefaultChoices":false,"DataExportTag":"Q2.1","QuestionType":"DB","Selector":"TB","Configuration":{"QuestionDescriptionOption":"UseText"},"QuestionDescription":"Student Registration","ChoiceOrder":[],"Validation":{"Settings":{"Type":"None"}},"GradingData":[],"Language":[],"NextChoiceId":4,"NextAnswerId":1,"QuestionID":"QID44","InPageDisplayLogic":{"0":{"0":{"QuestionID":"QID13","QuestionIsInLoop":"no","ChoiceLocator":"q:\/\/QID13\/SelectableChoice\/1","Operator":"Selected","QuestionIDFromLocator":"QID13","LeftOperand":"q:\/\/QID13\/SelectableChoice\/1","Type":"Expression","LogicType":"Question","Description":"<span class=\"ConjDesc\">If<\/span> <span class=\"QuestionDesc\">Occupation<\/span> <span class=\"LeftOpDesc\">Community college student<\/span> <span class=\"OpDesc\">Is Selected<\/span> "},"Type":"If"},"Type":"BooleanExpression","inPage":true},"DataVisibility":{"Private":false,"Hidden":false},"QuestionText_Unsafe":"<h1 class=\"cccw-event__title\">Student Registration<\/h1>"}},{"SurveyID":"SV_8JiEEGJH517Kvjf","Element":"SQ","PrimaryAttribute":"QID6","SecondaryAttribute":"Thank you for your interest in our Connecting Community Colleges to WSU Campus Visit scheduled fo...","TertiaryAttribute":null,"Payload":{"QuestionText":"<p class=\"cccw-event__introduction\">Thank you for your interest in our <em>Connecting Community Colleges to WSU<\/em> Campus Visit scheduled for Thursday and Friday, Oct. 24-25, 2019!  This is a two-day, fun-filled and compact visit targeting underrepresented minorities interested in Science, Technology, Engineering and Mathematics (STEM) majors. Participants will:<\/p>\n<ul>\n<li>Chat with STEM advisors.<\/li>\n<li>Learn about multicultural student resources.<\/li>\n<li>Explore cutting-edge STEM labs.<\/li>\n<li>Learn about vibrant clubs focused on engineering and science.<\/li>\n<\/ul>\n<p>Please fill out this Registration Form to confirm your spot.<\/p>\n<p><strong>Note:<\/strong>&nbsp;An asterisk (<span class=\"cccw-event__required-marker\">*<\/span>) is used on the form to indicate that a question is required.<\/p>","DefaultChoices":false,"DataExportTag":"Q1.2","QuestionType":"DB","Selector":"TB","DataVisibility":{"Private":false,"Hidden":false},"Configuration":{"QuestionDescriptionOption":"UseText"},"QuestionDescription":"Thank you for your interest in our Connecting Community Colleges to WSU Campus Visit scheduled fo...","ChoiceOrder":[],"Validation":{"Settings":{"Type":"None"}},"GradingData":[],"Language":[],"NextChoiceId":4,"NextAnswerId":1,"QuestionID":"QID6","QuestionText_Unsafe":"<p class=\"cccw-event__introduction\">Thank you for your interest in our <em>Connecting Community Colleges to WSU<\/em> Campus Visit scheduled for Thursday and Friday, Oct. 24-25, 2019!  This is a two-day, fun-filled and compact visit targeting underrepresented minorities interested in Science, Technology, Engineering and Mathematics (STEM) majors.  Please fill out this Registration Form to confirm your spot.<\/p>\n<p><strong>Note:<\/strong>&nbsp;An asterisk (<span class=\"cccw-event__required-marker\">*<\/span>) is used on the form to indicate that a question is required.<\/p>"}},{"SurveyID":"SV_8JiEEGJH517Kvjf","Element":"SQ","PrimaryAttribute":"QID26","SecondaryAttribute":"Transcripts submitted?","TertiaryAttribute":null,"Payload":{"QuestionText":"<span class=\"cccw-event__main-question\">Have you submitted your unofficial transcripts to WSU LSAMP?<\/span> <span class=\"cccw-event__required-marker\">*<\/span>","DataExportTag":"Q5.3","QuestionType":"MC","Selector":"SAVR","SubSelector":"TX","Configuration":{"QuestionDescriptionOption":"SpecifyLabel"},"QuestionDescription":"Transcripts submitted?","Choices":{"1":{"Display":"Yes"},"3":{"Display":"No"}},"ChoiceOrder":["1","3"],"Validation":{"Settings":{"ForceResponse":"ON","ForceResponseType":"ON","Type":"None"}},"Language":[],"NextChoiceId":4,"NextAnswerId":1,"QuestionID":"QID26","QuestionText_Unsafe":"<span class=\"cccw-event__main-question\">Have you submitted your unofficial transcripts to WSU LSAMP?<\/span> <span class=\"cccw-event__required-marker\">*<\/span>","DataVisibility":{"Private":false,"Hidden":false}}},{"SurveyID":"SV_8JiEEGJH517Kvjf","Element":"SQ","PrimaryAttribute":"QID20","SecondaryAttribute":"Transfer degree pathway","TertiaryAttribute":null,"Payload":{"QuestionText":"<span class=\"cccw-event__main-question\">Transfer Degree Pathway<\/span> <span class=\"cccw-event__required-marker\">*<\/span> <br><span class=\"cccw-event__question-note\">Do you plan to complete an:<ul><li>AA\/AAS-DTA (direct transfer associates): Satisfies lower-division general education requirements, but may leave many math and science courses remaining to take unless incorporated into elective requirements.<\/li><li>AS-T (associate in science-transfer): Satisfies most lower-division general education requirements, but it fulfills more of the math and science prerequisite courses for engineering and science majors.<\/li><\/ul>For engineering\/math majors, please visit <a href=\"https:\/\/vcea.wsu.edu\/transferstudents\/\">vcea.wsu.edu\/transferstudents<\/a>.<\/span>","DataExportTag":"Q5.7","QuestionType":"MC","Selector":"SAVR","SubSelector":"TX","Configuration":{"QuestionDescriptionOption":"SpecifyLabel"},"QuestionDescription":"Transfer degree pathway","Choices":{"1":{"Display":"AA\/AAS-DTA"},"2":{"Display":"AS-T"},"3":{"Display":"Not sure"}},"ChoiceOrder":["1","2","3"],"Validation":{"Settings":{"ForceResponse":"ON","ForceResponseType":"ON","Type":"None"}},"Language":[],"NextChoiceId":4,"NextAnswerId":1,"QuestionID":"QID20","QuestionText_Unsafe":"<span class=\"cccw-event__main-question\">Transfer Degree Pathway<\/span> <span class=\"cccw-event__required-marker\">*<\/span> <br><span class=\"cccw-event__question-note\">Do you plan to complete an:<ul><li>AA\/AAS-DTA (direct transfer associates): Satisfies lower-division general education requirements, but may leave many math and science courses remaining to take unless incorporated into elective requirements.<\/li><li>AS-T (associate in science-transfer): Satisfies most lower-division general education requirements, but it fulfills more of the math and science prerequisite courses for engineering and science majors.<\/li><\/ul>For engineering\/math majors, please visit <a href=\"https:\/\/vcea.wsu.edu\/transferstudents\/\">vcea.wsu.edu\/transferstudents<\/a>.<\/span>","DataVisibility":{"Private":false,"Hidden":false},"DisplayLogic":{"0":{"0":{"LogicType":"Question","QuestionID":"QID24","QuestionIsInLoop":"no","ChoiceLocator":"q:\/\/QID24\/SelectableChoice\/1","Operator":"Selected","QuestionIDFromLocator":"QID24","LeftOperand":"q:\/\/QID24\/SelectableChoice\/1","Type":"Expression","Description":"<span class=\"ConjDesc\">If<\/span> <span class=\"QuestionDesc\">Do you plan to transfer to Washington State University?  *<\/span> <span class=\"LeftOpDesc\">Yes<\/span> <span class=\"OpDesc\">Is Selected<\/span> "},"Type":"If"},"Type":"BooleanExpression","inPage":false}}},{"SurveyID":"SV_8JiEEGJH517Kvjf","Element":"SQ","PrimaryAttribute":"QID24","SecondaryAttribute":"Transfer to WSU?","TertiaryAttribute":null,"Payload":{"QuestionText":"<span class=\"cccw-event__main-question\">Do you plan to transfer to Washington State University?<\/span>  <span class=\"cccw-event__required-marker\">*<\/span>","DataExportTag":"Q5.5","QuestionType":"MC","Selector":"SAVR","SubSelector":"TX","Configuration":{"QuestionDescriptionOption":"SpecifyLabel"},"QuestionDescription":"Transfer to WSU?","Choices":{"1":{"Display":"Yes"},"2":{"Display":"No"},"3":{"Display":"Not sure"}},"ChoiceOrder":["1","2","3"],"Validation":{"Settings":{"ForceResponse":"ON","ForceResponseType":"ON","Type":"None"}},"Language":[],"NextChoiceId":4,"NextAnswerId":1,"QuestionID":"QID24","QuestionText_Unsafe":"<span class=\"cccw-event__main-question\">Do you plan to transfer to Washington State University?<\/span>  <span class=\"cccw-event__required-marker\">*<\/span>","DataVisibility":{"Private":false,"Hidden":false}}},{"SurveyID":"SV_8JiEEGJH517Kvjf","Element":"SQ","PrimaryAttribute":"QID46","SecondaryAttribute":"You have reached the end of the CCC to WSU 2019 registration form. Select the \"Submit\" button bel...","TertiaryAttribute":null,"Payload":{"QuestionText":"<p>You have reached the end of the CCC to WSU 2019 registration form. Select the \"Submit\" button below to complete the form, which will submit your registration information and cause you to proceed to the next step, submission of your payment. <strong>Note: <\/strong> Once you select the \"Submit\" button, you will be unable to go back and review your previous form entries.<\/p>\n<p>After you have submitted your registration, <strong>you will automatically be redirected to the payment form<\/strong> located at payment.ascc.wsu.edu\/lsamp. To finalize and confirm your registration, you will need to submit your $25 registration fee using that form.<\/p>","DefaultChoices":false,"DataExportTag":"Q46","QuestionType":"DB","Selector":"TB","Configuration":{"QuestionDescriptionOption":"UseText"},"QuestionDescription":"You have reached the end of the CCC to WSU 2019 registration form. Select the \"Submit\" button bel...","ChoiceOrder":[],"Validation":{"Settings":{"Type":"None"}},"GradingData":[],"Language":[],"NextChoiceId":4,"NextAnswerId":1,"QuestionID":"QID46","DataVisibility":{"Private":false,"Hidden":false}}}]}