{"SurveyEntry":{"SurveyID":"SV_38JtK62MFgBlGVT","SurveyName":"LSAMP Application Form _UPDATED_8\/2\/2017","SurveyDescription":null,"SurveyOwnerID":"UR_3qLtVwamXBP9Vat","SurveyBrandID":"wsu","DivisionID":"DV_3KQ6D1oR26k7Ou1","SurveyLanguage":"EN","SurveyActiveResponseSet":"RS_cO1yUmEtATZtkEd","SurveyStatus":"Active","SurveyStartDate":"0000-00-00 00:00:00","SurveyExpirationDate":"0000-00-00 00:00:00","SurveyCreationDate":"2017-06-08 12:49:05","CreatorID":"UR_3qLtVwamXBP9Vat","LastModified":"2018-07-23 12:49:45","LastAccessed":"0000-00-00 00:00:00","LastActivated":"2017-06-15 14:17:06","Deleted":null},"SurveyElements":[{"SurveyID":"SV_38JtK62MFgBlGVT","Element":"BL","PrimaryAttribute":"Survey Blocks","SecondaryAttribute":null,"TertiaryAttribute":null,"Payload":{"1":{"Type":"Trash","Description":"Trash \/ Unused Questions","ID":"BL_26rudqL93xBrz1j","BlockElements":[]},"2":{"Type":"Standard","SubType":"","Description":"Default Block","ID":"BL_72JFq7DrmjRykTj","BlockElements":[{"Type":"Question","QuestionID":"QID1"},{"Type":"Page Break"},{"Type":"Question","QuestionID":"QID46"},{"Type":"Question","QuestionID":"QID29"},{"Type":"Question","QuestionID":"QID45"},{"Type":"Question","QuestionID":"QID44"},{"Type":"Question","QuestionID":"QID43"},{"Type":"Page Break"},{"Type":"Question","QuestionID":"QID31"},{"Type":"Question","QuestionID":"QID32"},{"Type":"Page Break"},{"Type":"Question","QuestionID":"QID33"},{"Type":"Question","QuestionID":"QID34"},{"Type":"Page Break"},{"Type":"Question","QuestionID":"QID35"},{"Type":"Question","QuestionID":"QID36"},{"Type":"Page Break"},{"Type":"Question","QuestionID":"QID37"},{"Type":"Question","QuestionID":"QID38"},{"Type":"Page Break"},{"Type":"Question","QuestionID":"QID39"},{"Type":"Page Break"},{"Type":"Question","QuestionID":"QID41"},{"Type":"Question","QuestionID":"QID42"}]}}},{"SurveyID":"SV_38JtK62MFgBlGVT","Element":"FL","PrimaryAttribute":"Survey Flow","SecondaryAttribute":null,"TertiaryAttribute":null,"Payload":{"Type":"Root","FlowID":"FL_1","Flow":[{"ID":"BL_72JFq7DrmjRykTj","Type":"Standard","FlowID":"FL_29"}],"Properties":{"Count":29}}},{"SurveyID":"SV_38JtK62MFgBlGVT","Element":"SO","PrimaryAttribute":"Survey Options","SecondaryAttribute":null,"TertiaryAttribute":null,"Payload":{"BackButton":"true","SaveAndContinue":"true","SurveyProtection":"PublicSurvey","BallotBoxStuffingPrevention":"false","NoIndex":"Yes","SecureResponseFiles":"true","SurveyExpiration":null,"SurveyTermination":"DisplayMessage","Header":"","Footer":"","ProgressBarDisplay":"VerboseText","PartialData":"+1 week","ValidationMessage":null,"PreviousButton":"Back","NextButton":"Next","SkinLibrary":"wsu","SkinType":"MQ","Skin":"wsu1","NewScoring":1,"libraryId":"","nextButtonMid":"","previousButtonMid":"","headerMid":"","footerMid":"","QuestionsPerPage":"3","PageTransition":"None","ExternalCSS":null,"CustomStyles":{"errorStyles":{"selector":".Skin .ValidationError","styles":{"color":null,"backgroundColor":null,"borderColor":null}},"errorStylesBG":{"selector":".Skin .HeaderValidationError, .Skin .HeaderValidationError li a","styles":{"color":null,"backgroundColor":null}},"pageStyles":{"selector":"#SurveyEngineBody","styles":{"backgroundColor":null}},"textStyles":{"selector":".SkinInner","styles":{"fontFamily":"arial, helvetica, sans-serif","fontSize":null,"fontWeight":null,"fontStyle":null,"textDecoration":null,"color":null}},"questionStyles":{"selector":".Skin .QuestionText","styles":{"fontFamily":"arial, helvetica, sans-serif","fontSize":"12pt","fontWeight":"normal","fontStyle":"normal","textDecoration":"none","color":null}},"choiceStyles":{"selector":".Skin .horizontalbar th.ylabel, .Skin .Matrix table td, .Skin .Matrix table th, .Skin .Matrix table thead th, .Skin .Matrix table thead td, .Skin .PGR .DragAndDrop .Items label, .Skin .QuestionBody ul.ChoiceStructure, .Skin .PGR .DragAndDrop .Group ul, .Skin .PGR .DragAndDrop .Group h2, .Skin .PGR .DragAndDrop .Items ul, .Skin .PGR .DragAndDrop .Items h2, .Skin .DD .QuestionBody table.ChoiceStructure, .Skin .PGR .DragAndDrop .NoColumns td.groupsContainerTd div ul, .Skin .PGR .DragAndDrop .NoColumns td.groupsContainerTd div h2, .Skin .SBS thead th, .Skin .SBS td, .Skin .SBS .Answers td, .Skin .SBS .Answers th, .SBS table.ChoiceStructure, .Skin .horizontalbar thead table.LabelDescriptions tr td, .Skin .horizontalbar thead tr td.NotApplicable, .QuestionBody th, .Skin .QuestionBody .MC .MAVR label, .Skin .QuestionBody .MC .SAVR label, .Skin .SBS thead th, .Skin .SBS td, .Skin .RO .DND ul li, .Skin .reg, .SkinInner .ChoiceStructure, .Skin thead, .Skin .GAP .ChoiceStructure thead th, .Skin .GAP .ChoiceStructure .c4, .Skin .GAP .ChoiceStructure th, .Skin .GAP .ChoiceStructure .WhyText, .SkinInner .ChoiceStructure .LightBG, .Skin .QuestionOuter.Highlight .Inner .reg, .Skin .QuestionOuter.Highlight .Inner .alt, .Skin .QuestionOuter.Highlight .Inner .ReadableAlt       ","styles":{"fontFamily":"arial, helvetica, sans-serif","fontSize":"10pt","fontWeight":"normal","fontStyle":"normal","textDecoration":"none","color":null}},"headerStyles":{"selector":".Skin div#Header","styles":{"color":null}},"footerStyles":{"selector":".Skin #Footer","styles":{"color":null}},"questionSeparatorStyles":{"selector":".Skin .Separator","styles":{"backgroundColor":null,"display":"block"}},"highlightStyles":{"selector":".Skin .QuestionOuter.Highlight .Inner, .Skin .QuestionOuter.Highlight .Inner .reg, .Skin .QuestionOuter.Highlight .Inner .alt, .Skin .QuestionOuter.Highlight .Inner .ReadableAlt","styles":{"backgroundColor":null}},"highlightStylesAlt":{"selector":".Skin .QuestionOuter.Highlight .Inner .ReadableAlt, .Skin .QuestionOuter.Highlight .Inner .LightBG","styles":{"backgroundColor":null}},"textEntryStyles":{"selector":".Skin select, .Skin .InputText","styles":{"color":null}},"borderStyles":{"selector":".Skin .CS .horizontalbar table.sliderGrid tr.xlabel th, .Skin .CS .horizontalbar .ylabel, .Skin .CS .horizontalbar table.sliderGrid tr td.value, .Skin .Slider .horizontalbar table.sliderGrid tr.xlabel th, .Skin .BorderColor, .Skin .DarkBorderColor, .Skin .Slider .horizontalbar table.sliderGrid tr td.value, .Skin thead, .Skin .GAP .ChoiceStructure thead th  ","styles":{"borderColor":null}},"altRowStyles":{"selector":".Skin .ReadableAlt, .Skin .LightBG","styles":{"backgroundColor":null}},"customCSS":null},"HighlightQuestions":"off","EOSMessage":"MS_0VAHbWQVqe9Wi57","ShowExportTags":"false","CollectGeoLocation":"false","SurveyTitle":"WSU LSAMP","SurveyMetaDescription":"Qualtrics sophisticated online survey software solutions make creating online surveys easy. Learn more about Research Suite and get a free account today.","PasswordProtection":"No","AnonymizeResponse":"No","Password":"","RefererCheck":"No","RefererURL":"http:\/\/","EOSMessageLibrary":"UR_3qLtVwamXBP9Vat","EOSRedirectURL":"http:\/\/","EmailThankYou":"false","ThankYouEmailMessageLibrary":null,"ThankYouEmailMessage":null,"ValidateMessage":"false","ValidationMessageLibrary":null,"InactiveSurvey":"DefaultMessage","InactiveMessageLibrary":"","InactiveMessage":"","AvailableLanguages":{"EN":[]},"PartialDataCloseAfter":"LastActivity","ActiveResponseSet":null,"ProtectSelectionIds":true}},{"SurveyID":"SV_38JtK62MFgBlGVT","Element":"SCO","PrimaryAttribute":"Scoring","SecondaryAttribute":null,"TertiaryAttribute":null,"Payload":{"ScoringCategories":[],"ScoringCategoryGroups":[],"ScoringSummaryCategory":null,"ScoringSummaryAfterQuestions":0,"ScoringSummaryAfterSurvey":0,"DefaultScoringCategory":null,"AutoScoringCategory":null}},{"SurveyID":"SV_38JtK62MFgBlGVT","Element":"STAT","PrimaryAttribute":"Survey Statistics","SecondaryAttribute":null,"TertiaryAttribute":null,"Payload":{"MobileCompatible":true,"ID":"Survey Statistics"}},{"SurveyID":"SV_38JtK62MFgBlGVT","Element":"PROJ","PrimaryAttribute":"CORE","SecondaryAttribute":"1.0.0","TertiaryAttribute":null,"Payload":null},{"SurveyID":"SV_38JtK62MFgBlGVT","Element":"QC","PrimaryAttribute":"Survey Question Count","SecondaryAttribute":"46","TertiaryAttribute":null,"Payload":null},{"SurveyID":"SV_38JtK62MFgBlGVT","Element":"SQ","PrimaryAttribute":"QID32","SecondaryAttribute":"Current WSU Major","TertiaryAttribute":null,"Payload":{"QuestionText":"Current WSU Major","DefaultChoices":false,"DataExportTag":"Q4","QuestionType":"MC","Selector":"DL","Configuration":{"QuestionDescriptionOption":"UseText"},"QuestionDescription":"Current WSU Major","Choices":{"2":{"Display":"Other"},"4":{"Display":"Animal Sciences"},"5":{"Display":"Agricultural and Food Systems"},"6":{"Display":"Biochemistry"},"7":{"Display":"Bioengineering"},"8":{"Display":"Biology, General"},"9":{"Display":"Botany"},"10":{"Display":"Chemical Engineering"},"11":{"Display":"Chemistry"},"12":{"Display":"Civil Engineering"},"13":{"Display":"Computer Engineering"},"14":{"Display":"Computer Science"},"15":{"Display":"Construction Engineering"},"16":{"Display":"Construction Management"},"17":{"Display":"Ecology"},"18":{"Display":"Engineering, General"},"19":{"Display":"Genetics"},"20":{"Display":"Intergrated Plant Sciences"},"21":{"Display":"Materials Science Engineering"},"22":{"Display":"Mathematics"},"23":{"Display":"Mechanical Engineering"},"24":{"Display":"Microbiological Sciences and Immunology"},"25":{"Display":"Neurobiology and Neurosciences"},"26":{"Display":"Physics"},"27":{"Display":"School of Food Science "},"28":{"Display":"Zoology\/Animal Biology"}},"ChoiceOrder":["4","5","6","7","8","9","10","11","12","13","14","15","16","17","18","19","20","21","22","23","24","25","26","27","28","2"],"Validation":{"Settings":{"ForceResponse":"OFF","ForceResponseType":"ON","Type":"None"}},"GradingData":[],"Language":[],"QuestionID":"QID32","QuestionText_Unsafe":"Current WSU Major"}},{"SurveyID":"SV_38JtK62MFgBlGVT","Element":"RS","PrimaryAttribute":"RS_cO1yUmEtATZtkEd","SecondaryAttribute":"Default Response Set","TertiaryAttribute":null,"Payload":null},{"SurveyID":"SV_38JtK62MFgBlGVT","Element":"SQ","PrimaryAttribute":"QID35","SecondaryAttribute":"Did you transfer to WSU from a previous college or university?","TertiaryAttribute":null,"Payload":{"QuestionText":"Did you transfer to WSU from a previous college or university?","DataExportTag":"Q7","QuestionType":"MC","Selector":"SAVR","SubSelector":"TX","Configuration":{"QuestionDescriptionOption":"UseText"},"QuestionDescription":"Did you transfer to WSU from a previous college or university?","Choices":{"28":{"Display":"Yes"},"29":{"Display":"No"}},"ChoiceOrder":["28","29"],"Validation":{"Settings":{"ForceResponse":"ON","ForceResponseType":"ON","Type":"None"}},"Language":[],"QuestionID":"QID35","QuestionText_Unsafe":"Did you transfer to WSU from a previous college or university?"}},{"SurveyID":"SV_38JtK62MFgBlGVT","Element":"SQ","PrimaryAttribute":"QID45","SecondaryAttribute":"First Name","TertiaryAttribute":null,"Payload":{"QuestionText":"First Name","DefaultChoices":false,"DataExportTag":"Q16","QuestionType":"TE","Selector":"SL","Configuration":{"QuestionDescriptionOption":"UseText"},"QuestionDescription":"First Name","Validation":{"Settings":{"ForceResponse":"ON","ForceResponseType":"ON","Type":"ContentType","ContentType":"ValidTextOnly","ValidDateType":"DateWithFormat","ValidPhoneType":"ValidUSPhone","ValidZipType":"ValidUSZip"}},"GradingData":[],"Language":[],"QuestionID":"QID45"}},{"SurveyID":"SV_38JtK62MFgBlGVT","Element":"SQ","PrimaryAttribute":"QID44","SecondaryAttribute":"Last Name","TertiaryAttribute":null,"Payload":{"QuestionText":"Last Name","DefaultChoices":false,"DataExportTag":"Q15","QuestionType":"TE","Selector":"SL","Configuration":{"QuestionDescriptionOption":"UseText"},"QuestionDescription":"Last Name","Validation":{"Settings":{"ForceResponse":"ON","ForceResponseType":"ON","Type":"ContentType","ContentType":"ValidTextOnly","ValidDateType":"DateWithFormat","ValidPhoneType":"ValidUSPhone","ValidZipType":"ValidUSZip"}},"GradingData":[],"Language":[],"QuestionID":"QID44"}},{"SurveyID":"SV_38JtK62MFgBlGVT","Element":"SQ","PrimaryAttribute":"QID41","SecondaryAttribute":"Participation in the LSAMP program REQUIRES attendance to the LSAMP orientation and at least thre...","TertiaryAttribute":null,"Payload":{"QuestionText":"Participation in the LSAMP program REQUIRES attendance to the LSAMP orientation and at least three LSAMP workshops plus one LSAMP social per academic year. Please select at least THREE workshops that you are interested in attending&nbsp;in this academic year.<br \/>\n<em>(You may select more than three)<\/em>","DataExportTag":"Q12","QuestionType":"MC","Selector":"MAVR","SubSelector":"TX","Configuration":{"QuestionDescriptionOption":"UseText"},"QuestionDescription":"Participation in the LSAMP program REQUIRES attendance to the LSAMP orientation and at least thre...","Choices":{"2":{"Display":"Research Banquet (Fall)"},"3":{"Display":"Graduate School Workshop (Fall)"},"4":{"Display":"GRE Prep Workshop (Fall)"},"7":{"Display":"Resume and Interview Workshop (Fall)"},"9":{"Display":"Internship Opportunities Workshop (Fall)"},"12":{"Display":"\"What is Research\" Workshop (Spring)"},"13":{"Display":"Research Poster Workshop (Spring)"},"15":{"Display":"Conversation with Industry Workshop (Spring)"},"16":{"Display":"Laser Cutting Workshop (Spring)"},"18":{"Display":"Applying for Grad School Workshop (Spring)"},"19":{"Display":"Educational field trip (Spring)"},"22":{"Display":"PNW LSAMP Conference (Spring)"}},"ChoiceOrder":["2","3","4","7","9","12","13","22","15","19","16","18"],"Validation":{"Settings":{"ForceResponse":"ON","ForceResponseType":"ON","Type":"CustomValidation","MinChoices":"3","CustomValidation":{"Logic":{"0":{"0":{"QuestionID":"QID41","QuestionIsInLoop":"no","ChoiceLocator":"q:\/\/QID41\/SelectedChoicesCount","Operator":"GreaterThanOrEqual","QuestionIDFromLocator":"QID41","LeftOperand":"q:\/\/QID41\/SelectedChoicesCount","RightOperand":"3","Type":"Expression","LogicType":"Question","Description":"<span class=\"ConjDesc\">If<\/span> <span class=\"QuestionDesc\">Participation in the LSAMP program REQUIRES attendance to the LSAMP orientation and at least thre...<\/span> <span class=\"LeftOpDesc\">q:\/\/QID41\/SelectedChoicesCount<\/span> <span class=\"OpDesc\">Is Greater Than or Equal to<\/span> <span class=\"RightOpDesc\"> 3 <\/span>"},"Type":"If"},"Type":"BooleanExpression"},"Message":{"messageID":"MS_9KR77SEADeRJ3Q9","subMessageID":"VE_CUSTOM_VALIDATION_0","libraryID":"UR_3qLtVwamXBP9Vat","description":"Minimum of 3 choices"}}}},"Language":[],"QuestionID":"QID41","QuestionText_Unsafe":"Participation in the LSAMP program REQUIRES attendance to the LSAMP orientation and at least three LSAMP workshops plus one LSAMP social per academic year. Please select at least THREE workshops that you are interested in attending&nbsp;in this academic year.<br \/>\n<em>(You may select more than three)<\/em>","DefaultChoices":false,"GradingData":[]}},{"SurveyID":"SV_38JtK62MFgBlGVT","Element":"SQ","PrimaryAttribute":"QID37","SecondaryAttribute":"Please identify any programs you've been part of while at WSU","TertiaryAttribute":null,"Payload":{"QuestionText":"Please identify any programs you've been part of while at WSU","DefaultChoices":false,"DataExportTag":"Q9","QuestionType":"MC","Selector":"MAVR","SubSelector":"TX","Configuration":{"QuestionDescriptionOption":"UseText"},"QuestionDescription":"Please identify any programs you've been part of while at WSU","Choices":{"1":{"Display":"LSAMP"},"2":{"Display":"TMP"},"3":{"Display":"TRiO"},"4":{"Display":"Washington STate Academic RedShirt (STARS)"},"5":{"Display":"College Assistance Migrant Program (CAMP)"},"6":{"Display":"Other, please specify:","TextEntry":"true"},"7":{"Display":"I have joined none"}},"ChoiceOrder":["1","2","3","4","5","6","7"],"Validation":{"Settings":{"ForceResponse":"OFF","ForceResponseType":"ON","Type":"None"}},"GradingData":[],"Language":[],"QuestionID":"QID37","QuestionText_Unsafe":"Please identify any programs you've been part of while at WSU"}},{"SurveyID":"SV_38JtK62MFgBlGVT","Element":"SQ","PrimaryAttribute":"QID36","SecondaryAttribute":"Please list previous college(s) and\/or university(ies) (Provide full name of school, do not abbre...","TertiaryAttribute":null,"Payload":{"QuestionText":"Please list previous college(s) and\/or university(ies)<br \/>\n(<em>Provide full name of school, do not abbreviate<\/em>)","DefaultChoices":false,"DataExportTag":"Q8","QuestionType":"TE","Selector":"ML","Configuration":{"QuestionDescriptionOption":"UseText","InputWidth":591,"InputHeight":108},"QuestionDescription":"Please list previous college(s) and\/or university(ies) (Provide full name of school, do not abbre...","Validation":{"Settings":{"ForceResponse":"ON","ForceResponseType":"ON","Type":"None"}},"GradingData":[],"Language":[],"QuestionID":"QID36","DisplayLogic":{"0":{"0":{"LogicType":"Question","QuestionID":"QID35","QuestionIsInLoop":"no","ChoiceLocator":"q:\/\/QID35\/SelectableChoice\/28","Operator":"Selected","QuestionIDFromLocator":"QID35","LeftOperand":"q:\/\/QID35\/SelectableChoice\/28","Type":"Expression","Description":"<span class=\"ConjDesc\">If<\/span> <span class=\"QuestionDesc\">Did you transfer to WSU from a previous college or university?<\/span> <span class=\"LeftOpDesc\">Yes<\/span> <span class=\"OpDesc\">Is Selected<\/span> "},"Type":"If"},"Type":"BooleanExpression","inPage":false},"QuestionText_Unsafe":"Please list previous college(s) and\/or university(ies)<br \/>\n(<em>Provide full name of school, do not abbreviate<\/em>)"}},{"SurveyID":"SV_38JtK62MFgBlGVT","Element":"SQ","PrimaryAttribute":"QID46","SecondaryAttribute":"Please provide us with the following information","TertiaryAttribute":null,"Payload":{"QuestionText":"<span style=\"color: rgb(67, 70, 77); font-family: arial, helvetica, sans-serif; font-size: 16px;\">Please provide us with the following information<\/span>","DefaultChoices":false,"DataExportTag":"Q17","QuestionType":"DB","Selector":"TB","Configuration":{"QuestionDescriptionOption":"UseText"},"QuestionDescription":"Please provide us with the following information","ChoiceOrder":[],"Validation":{"Settings":{"Type":"None"}},"GradingData":[],"Language":[],"QuestionID":"QID46"}},{"SurveyID":"SV_38JtK62MFgBlGVT","Element":"SQ","PrimaryAttribute":"QID42","SecondaryAttribute":"Please select at least ONE social that you are interested in attending in this academic year.(You...","TertiaryAttribute":null,"Payload":{"QuestionText":"Please select at least ONE social that you are interested in attending in this academic year.<br \/>\n<em>(You may select more than one)<\/em>","DefaultChoices":false,"DataExportTag":"Q13","QuestionType":"MC","Selector":"MAVR","SubSelector":"TX","Configuration":{"QuestionDescriptionOption":"UseText"},"QuestionDescription":"Please select at least ONE social that you are interested in attending in this academic year.(You...","Choices":{"5":{"Display":"Volleyball Social (Fall)"},"6":{"Display":"Bowling Night Social (Fall)"},"8":{"Display":"Glow-in-the-Dark Frisbee Social (Fall)"},"10":{"Display":"End of Semester Celebration (Fall)"},"11":{"Display":"Welcome Back Mixer (Spring)"},"14":{"Display":"Volley Ball Social (Spring)"},"17":{"Display":"Bowling Night Social (Spring)"},"19":{"Display":"End of Year Celebration (Spring)"},"20":{"Display":"Movie Night (Spring)"}},"ChoiceOrder":["5","6","8","10","11","14","17","20","19"],"Validation":{"Settings":{"ForceResponse":"ON","ForceResponseType":"ON","Type":"CustomValidation","MinChoices":"1","CustomValidation":{"Logic":{"0":{"0":{"QuestionID":"QID42","QuestionIsInLoop":"no","ChoiceLocator":"q:\/\/QID42\/SelectedChoicesCount","Operator":"GreaterThanOrEqual","QuestionIDFromLocator":"QID42","LeftOperand":"q:\/\/QID42\/SelectedChoicesCount","RightOperand":"1","Type":"Expression","LogicType":"Question","Description":"<span class=\"ConjDesc\">If<\/span> <span class=\"QuestionDesc\">Please select at least ONE social that you are interested in attending in this academic year.(You...<\/span> <span class=\"LeftOpDesc\">q:\/\/QID42\/SelectedChoicesCount<\/span> <span class=\"OpDesc\">Is Greater Than or Equal to<\/span> <span class=\"RightOpDesc\"> 1 bytes <\/span>"},"Type":"If"},"Type":"BooleanExpression"},"Message":{"messageID":"MS_9KR77SEADeRJ3Q9","subMessageID":"VE_CUSTOM_VALIDATION_2","libraryID":"UR_3qLtVwamXBP9Vat","description":"Minimum of 1 choices"}}}},"GradingData":[],"Language":[],"QuestionID":"QID42","QuestionText_Unsafe":"Please select at least ONE social that you are interested in attending in this academic year.<br \/>\n<em>(You may select more than one)<\/em>","DataVisibility":{"Private":false,"Hidden":false},"NextChoiceId":22,"NextAnswerId":1}},{"SurveyID":"SV_38JtK62MFgBlGVT","Element":"SQ","PrimaryAttribute":"QID33","SecondaryAttribute":"Please specify your WSU major","TertiaryAttribute":null,"Payload":{"QuestionText":"Please specify your WSU major","DefaultChoices":false,"DataExportTag":"Q5","QuestionID":"QID33","QuestionType":"TE","Selector":"SL","Configuration":{"QuestionDescriptionOption":"UseText"},"QuestionDescription":"Please specify your WSU major","DisplayLogic":{"0":{"0":{"LogicType":"Question","QuestionID":"QID32","QuestionIsInLoop":"no","ChoiceLocator":"q:\/\/QID32\/SelectableChoice\/2","Operator":"Selected","QuestionIDFromLocator":"QID32","LeftOperand":"q:\/\/QID32\/SelectableChoice\/2","Type":"Expression","Description":"<span class=\"ConjDesc\">If<\/span> <span class=\"QuestionDesc\">Current WSU Major<\/span> <span class=\"LeftOpDesc\">Other<\/span> <span class=\"OpDesc\">Is Selected<\/span> "},"Type":"If"},"Type":"BooleanExpression","inPage":false},"Validation":{"Settings":{"ForceResponse":"OFF","ForceResponseType":"ON","Type":"None"}},"GradingData":[],"Language":[],"QuestionText_Unsafe":"Please specify your WSU major"}},{"SurveyID":"SV_38JtK62MFgBlGVT","Element":"SQ","PrimaryAttribute":"QID1","SecondaryAttribute":"Through WSU LSAMP, underrepresented minority students receive tutoring, career guidance, professi...","TertiaryAttribute":null,"Payload":{"QuestionText":"<div style=\"text-align: justify;\"><img height=\"354\" src=\"https:\/\/wsu.co1.qualtrics.com\/CP\/Graphic.php?IM=IM_9HpvYeWeJVNXWOV\" style=\"width: 700px; height: 354px;\" width=\"700\" \/><span style=\"font-size:22px;\"><span style=\"font-family:tahoma,geneva,sans-serif;\"><span style=\"color: rgb(47, 80, 85);\">Through WSU LSAMP, underrepresented minority students receive tutoring, career guidance, professional development and graduate school preparation. In addition, students have the opportunity to create their own social network through the different social events and activities facilitated by WSU LSAMP.<\/span><\/span><\/span>\n\n<p style=\"margin: 0px; padding: 0px 0px 1em; border: 0px; font-variant-numeric: inherit; font-stretch: inherit; font-size: 14px; line-height: inherit; font-family: &quot;Open Sans&quot;, &quot;Lucida Sans&quot;, &quot;Lucida Grande&quot;, &quot;Lucida Sans Unicode&quot;, sans-serif; vertical-align: baseline; color: rgb(47, 80, 85);\"><span style=\"font-size:22px;\"><span style=\"font-family:tahoma,geneva,sans-serif;\"><a href=\"https:\/\/vcea.wsu.edu\/lsamp\/eligibility\/\" style=\"margin: 0px; padding: 0px; border: 0px; font-style: inherit; font-variant: inherit; font-weight: inherit; font-stretch: inherit; font-size: inherit; line-height: inherit; font-family: inherit; vertical-align: baseline; color: rgb(33, 54, 57); transition: background 0.3s;\" title=\"Eligibility\">Join us!<\/a>&nbsp;There is a place for you in LSAMP at WSU!<\/span><\/span><\/p>\n<\/div>","DefaultChoices":false,"DataExportTag":"Q1","QuestionID":"QID1","QuestionType":"DB","Selector":"TB","Configuration":{"QuestionDescriptionOption":"UseText"},"QuestionDescription":"Through WSU LSAMP, underrepresented minority students receive tutoring, career guidance, professi...","ChoiceOrder":[],"Validation":{"Settings":{"Type":"None"}},"GradingData":[],"Language":[],"QuestionText_Unsafe":"<div style=\"text-align: justify;\"><img height=\"354\" src=\"https:\/\/wsu.co1.qualtrics.com\/CP\/Graphic.php?IM=IM_9HpvYeWeJVNXWOV\" style=\"width: 700px; height: 354px;\" width=\"700\" \/><span style=\"font-size:22px;\"><span style=\"font-family:tahoma,geneva,sans-serif;\"><span style=\"color: rgb(47, 80, 85);\">Through WSU LSAMP, underrepresented minority students receive tutoring, career guidance, professional development and graduate school preparation. In addition, students have the opportunity to create their own social network through the different social events and activities facilitated by WSU LSAMP.<\/span><\/span><\/span>\n\n<p style=\"margin: 0px; padding: 0px 0px 1em; border: 0px; font-variant-numeric: inherit; font-stretch: inherit; font-size: 14px; line-height: inherit; font-family: &quot;Open Sans&quot;, &quot;Lucida Sans&quot;, &quot;Lucida Grande&quot;, &quot;Lucida Sans Unicode&quot;, sans-serif; vertical-align: baseline; color: rgb(47, 80, 85);\"><span style=\"font-size:22px;\"><span style=\"font-family:tahoma,geneva,sans-serif;\"><a href=\"https:\/\/vcea.wsu.edu\/lsamp\/eligibility\/\" style=\"margin: 0px; padding: 0px; border: 0px; font-style: inherit; font-variant: inherit; font-weight: inherit; font-stretch: inherit; font-size: inherit; line-height: inherit; font-family: inherit; vertical-align: baseline; color: rgb(33, 54, 57); transition: background 0.3s;\" title=\"Eligibility\">Join us!<\/a>&nbsp;There is a place for you in LSAMP at WSU!<\/span><\/span><\/p>\n<\/div>"}},{"SurveyID":"SV_38JtK62MFgBlGVT","Element":"SQ","PrimaryAttribute":"QID39","SecondaryAttribute":"What are you interested in gaining through participation in this program?","TertiaryAttribute":null,"Payload":{"QuestionText":"What are you interested in gaining through participation in this program?","DefaultChoices":false,"DataExportTag":"Q11","QuestionType":"MC","Selector":"MAVR","SubSelector":"TX","Configuration":{"QuestionDescriptionOption":"UseText"},"QuestionDescription":"What are you interested in gaining through participation in this program?","Choices":{"1":{"Display":"Being part of the LSAMP community"},"2":{"Display":"Academic Success Resources"},"3":{"Display":"Career Education and Development"},"4":{"Display":"Major exploration"},"5":{"Display":"Undergraduate Research opportunities"},"6":{"Display":"Internship opportunities"},"7":{"Display":"Mentorship"},"8":{"Display":"Other, please specify:","TextEntry":"true"}},"ChoiceOrder":["1","2","3","4","5","6","7","8"],"Validation":{"Settings":{"ForceResponse":"ON","ForceResponseType":"ON","Type":"None"}},"GradingData":[],"Language":[],"QuestionID":"QID39","QuestionText_Unsafe":"What are you interested in gaining through participation in this program?"}},{"SurveyID":"SV_38JtK62MFgBlGVT","Element":"SQ","PrimaryAttribute":"QID38","SecondaryAttribute":"What do you believe will be your greatest challenge this year at WSU?","TertiaryAttribute":null,"Payload":{"QuestionText":"What do you believe will be your greatest challenge this year at WSU?","DefaultChoices":false,"DataExportTag":"Q10","QuestionType":"TE","Selector":"ML","Configuration":{"QuestionDescriptionOption":"UseText"},"QuestionDescription":"What do you believe will be your greatest challenge this year at WSU?","Validation":{"Settings":{"ForceResponse":"OFF","ForceResponseType":"ON","Type":"None"}},"GradingData":[],"Language":[],"QuestionID":"QID38","QuestionText_Unsafe":"What do you believe will be your greatest challenge this year at WSU?"}},{"SurveyID":"SV_38JtK62MFgBlGVT","Element":"SQ","PrimaryAttribute":"QID31","SecondaryAttribute":"When did you first attend WSU","TertiaryAttribute":null,"Payload":{"QuestionText":"When did you first attend WSU","DefaultChoices":false,"DataExportTag":"Q3","QuestionType":"DD","Selector":"DL","Configuration":{"QuestionDescriptionOption":"UseText","VariableCount":2},"QuestionDescription":"When did you first attend WSU","Choices":{"1":{"Display":"Year"},"2":{"Display":"Semester"}},"ChoiceOrder":["1","2"],"Validation":{"Settings":{"ForceResponse":"ON","Type":"None"}},"GradingData":[],"Language":[],"QuestionID":"QID31","Answers":{"1":{"Display":"2017"},"2":{"Display":"2017 ~ Fall"},"3":{"Display":"2017 ~ Spring"},"4":{"Display":"2017 ~ Summer"},"5":{"Display":"2017 ~ Winter"},"6":{"Display":"2018"},"7":{"Display":"2018 ~ Fall"},"8":{"Display":"2018 ~ Spring"},"9":{"Display":"2018 ~ Summer"},"10":{"Display":"2018 ~ Winter"},"11":{"Display":"2019"},"12":{"Display":"2019 ~ Fall"},"13":{"Display":"2019 ~ Spring"},"14":{"Display":"2019 ~ Summer"},"15":{"Display":"2019 ~ Winter"},"16":{"Display":"2020"},"17":{"Display":"2020 ~ Fall"},"18":{"Display":"2020 ~ Spring"},"19":{"Display":"2020 ~ Summer"},"20":{"Display":"2020 ~ Winter"}},"AnswerMap":{"1":{"2":null,"3":null,"4":null,"5":null},"6":{"7":null,"8":null,"9":null,"10":null},"11":{"12":null,"13":null,"14":null,"15":null},"16":{"17":null,"18":null,"19":null,"20":null}},"QuestionText_Unsafe":"When did you first attend WSU"}},{"SurveyID":"SV_38JtK62MFgBlGVT","Element":"SQ","PrimaryAttribute":"QID34","SecondaryAttribute":"Who is your Academic Advisor at WSU","TertiaryAttribute":null,"Payload":{"QuestionText":"Who is your Academic Advisor at WSU","DefaultChoices":false,"DataExportTag":"Q6","QuestionType":"TE","Selector":"SL","Configuration":{"QuestionDescriptionOption":"UseText"},"QuestionDescription":"Who is your Academic Advisor at WSU","Validation":{"Settings":{"ForceResponse":"OFF","ForceResponseType":"ON","Type":"None"}},"GradingData":[],"Language":[],"QuestionID":"QID34","QuestionText_Unsafe":"Who is your Academic Advisor at WSU"}},{"SurveyID":"SV_38JtK62MFgBlGVT","Element":"SQ","PrimaryAttribute":"QID43","SecondaryAttribute":"WSU Email ID","TertiaryAttribute":null,"Payload":{"QuestionText":"WSU Email ID","DefaultChoices":false,"DataExportTag":"Q14","QuestionID":"QID43","QuestionType":"TE","Selector":"SL","Configuration":{"QuestionDescriptionOption":"UseText"},"QuestionDescription":"WSU Email ID","Validation":{"Settings":{"ForceResponse":"ON","ForceResponseType":"ON","Type":"ContentType","ContentType":"ValidEmail","ValidDateType":"DateWithFormat","ValidPhoneType":"ValidUSPhone","ValidZipType":"ValidUSZip"}},"GradingData":[],"Language":[]}},{"SurveyID":"SV_38JtK62MFgBlGVT","Element":"SQ","PrimaryAttribute":"QID29","SecondaryAttribute":"WSU Student ID","TertiaryAttribute":null,"Payload":{"QuestionText":"WSU Student ID","DefaultChoices":false,"DataExportTag":"Q2","QuestionType":"TE","Selector":"SL","Configuration":{"QuestionDescriptionOption":"UseText"},"QuestionDescription":"WSU Student ID","Choices":{"1":{"Display":"WSU Student ID","TextEntry":"on","InputHeight":29,"InputWidth":60,"TextEntryLength":"Long"},"2":{"Display":"Last Name","TextEntry":"on","InputHeight":29,"InputWidth":60,"TextEntryLength":"Long"},"3":{"Display":"First Name","TextEntry":"on","InputHeight":29,"InputWidth":60,"TextEntryLength":"Long"}},"ChoiceOrder":["1","2","3"],"Validation":{"Settings":{"ForceResponse":"ON","ForceResponseType":"ON","Type":"ContentType","ContentType":"ValidNumber","ValidDateType":"DateWithFormat","ValidPhoneType":"ValidUSPhone","ValidZipType":"ValidUSZip"}},"GradingData":[],"Language":[],"QuestionID":"QID29","QuestionText_Unsafe":"Please provide us with the following information:"}}]}