{"SurveyEntry":{"SurveyID":"SV_3eEeO5np41KccYZ","SurveyName":"Python Programming Workshop: Form Additions","SurveyDescription":null,"SurveyOwnerID":"UR_cuOoBWZ8b24yEpD","SurveyBrandID":"wsu","DivisionID":"DV_PNONWaStateUniv","SurveyLanguage":"EN","SurveyActiveResponseSet":"RS_88p4FB0YK6B5tLn","SurveyStatus":"Inactive","SurveyStartDate":"0000-00-00 00:00:00","SurveyExpirationDate":"0000-00-00 00:00:00","SurveyCreationDate":"2019-08-27 10:24:50","CreatorID":"UR_cuOoBWZ8b24yEpD","LastModified":"2019-08-27 10:25:48","LastAccessed":"0000-00-00 00:00:00","LastActivated":"2019-08-27 10:15:57","Deleted":null},"SurveyElements":[{"SurveyID":"SV_3eEeO5np41KccYZ","Element":"BL","PrimaryAttribute":"Survey Blocks","SecondaryAttribute":null,"TertiaryAttribute":null,"Payload":{"1":{"Type":"Trash","Description":"Trash \/ Unused Questions","ID":"BL_9SU7JyD2V3JqmQ5","BlockElements":[{"Type":"Question","QuestionID":"QID1"},{"Type":"Question","QuestionID":"QID6"}]},"2":{"Type":"Standard","SubType":"","Description":"Programming Workshop: Questions to Add","ID":"BL_aWUUWPv7XZU6QNT","BlockElements":[{"Type":"Question","QuestionID":"QID4"},{"Type":"Question","QuestionID":"QID5"},{"Type":"Question","QuestionID":"QID2"},{"Type":"Question","QuestionID":"QID3"}]}}},{"SurveyID":"SV_3eEeO5np41KccYZ","Element":"FL","PrimaryAttribute":"Survey Flow","SecondaryAttribute":null,"TertiaryAttribute":null,"Payload":{"Flow":[{"ID":"BL_aWUUWPv7XZU6QNT","Type":"Standard","FlowID":"FL_3"}],"Properties":{"Count":3},"FlowID":"FL_1","Type":"Root"}},{"SurveyID":"SV_3eEeO5np41KccYZ","Element":"SO","PrimaryAttribute":"Survey Options","SecondaryAttribute":null,"TertiaryAttribute":null,"Payload":{"BackButton":"false","SaveAndContinue":"true","SurveyProtection":"PublicSurvey","BallotBoxStuffingPrevention":"false","NoIndex":"Yes","SecureResponseFiles":"true","SurveyExpiration":"None","SurveyTermination":"DefaultMessage","Header":"","Footer":"","ProgressBarDisplay":"None","PartialData":"+1 week","ValidationMessage":"","PreviousButton":" \u2190 ","NextButton":" \u2192 ","SkinLibrary":"wsu","SkinType":"MQ","Skin":"cahnrswsu1","NewScoring":1}},{"SurveyID":"SV_3eEeO5np41KccYZ","Element":"SCO","PrimaryAttribute":"Scoring","SecondaryAttribute":null,"TertiaryAttribute":null,"Payload":{"ScoringCategories":[],"ScoringCategoryGroups":[],"ScoringSummaryCategory":null,"ScoringSummaryAfterQuestions":0,"ScoringSummaryAfterSurvey":0,"DefaultScoringCategory":null,"AutoScoringCategory":null}},{"SurveyID":"SV_3eEeO5np41KccYZ","Element":"PROJ","PrimaryAttribute":"CORE","SecondaryAttribute":null,"TertiaryAttribute":"1.1.0","Payload":{"ProjectCategory":"CORE","SchemaVersion":"1.1.0"}},{"SurveyID":"SV_3eEeO5np41KccYZ","Element":"STAT","PrimaryAttribute":"Survey Statistics","SecondaryAttribute":null,"TertiaryAttribute":null,"Payload":{"MobileCompatible":true,"ID":"Survey Statistics"}},{"SurveyID":"SV_3eEeO5np41KccYZ","Element":"QC","PrimaryAttribute":"Survey Question Count","SecondaryAttribute":"6","TertiaryAttribute":null,"Payload":null},{"SurveyID":"SV_3eEeO5np41KccYZ","Element":"SQ","PrimaryAttribute":"QID5","SecondaryAttribute":"As of fall 2019, I am a:","TertiaryAttribute":null,"Payload":{"QuestionText":"As of fall 2019, I am a:","DataExportTag":"Q5","QuestionType":"MC","Selector":"SAVR","SubSelector":"TX","Configuration":{"QuestionDescriptionOption":"UseText"},"QuestionDescription":"As of fall 2019, I am a:","Choices":{"1":{"Display":"Freshman (i.e., I have less than 30 credit hours)"},"2":{"Display":"Sophomore (30 to 59 credit hours)"},"3":{"Display":"Junior (60 to 89 credit hours)"},"4":{"Display":"Senior (90 or more credit hours)"}},"ChoiceOrder":["1","2","3","4"],"Validation":{"Settings":{"ForceResponse":"ON","ForceResponseType":"ON","Type":"None"}},"Language":[],"NextChoiceId":5,"NextAnswerId":1,"QuestionID":"QID5"}},{"SurveyID":"SV_3eEeO5np41KccYZ","Element":"SQ","PrimaryAttribute":"QID1","SecondaryAttribute":"Click to write the question text","TertiaryAttribute":null,"Payload":{"QuestionText":"Click to write the question text","DataExportTag":"Q1","QuestionType":"MC","Selector":"SAVR","SubSelector":"TX","Configuration":{"QuestionDescriptionOption":"UseText"},"QuestionDescription":"Click to write the question text","Choices":{"1":{"Display":"Click to write Choice 1"},"2":{"Display":"Click to write Choice 2"},"3":{"Display":"Click to write Choice 3"}},"ChoiceOrder":["1","2","3"],"Validation":{"Settings":{"ForceResponse":"OFF","ForceResponseType":"ON","Type":"None"}},"Language":[],"NextChoiceId":4,"NextAnswerId":1,"QuestionID":"QID1"}},{"SurveyID":"SV_3eEeO5np41KccYZ","Element":"SQ","PrimaryAttribute":"QID6","SecondaryAttribute":"Click to write the question text","TertiaryAttribute":null,"Payload":{"QuestionText":"Click to write the question text","DataExportTag":"Q6","QuestionType":"MC","Selector":"SAVR","SubSelector":"TX","Configuration":{"QuestionDescriptionOption":"UseText"},"QuestionDescription":"Click to write the question text","Choices":{"1":{"Display":"Click to write Choice 1"},"2":{"Display":"Click to write Choice 2"},"3":{"Display":"Click to write Choice 3"}},"ChoiceOrder":["1","2","3"],"Validation":{"Settings":{"ForceResponse":"OFF","ForceResponseType":"ON","Type":"None"}},"Language":[],"NextChoiceId":4,"NextAnswerId":1,"QuestionID":"QID6"}},{"SurveyID":"SV_3eEeO5np41KccYZ","Element":"RS","PrimaryAttribute":"RS_88p4FB0YK6B5tLn","SecondaryAttribute":"Default Response Set","TertiaryAttribute":null,"Payload":null},{"SurveyID":"SV_3eEeO5np41KccYZ","Element":"SQ","PrimaryAttribute":"QID2","SecondaryAttribute":"Major","TertiaryAttribute":null,"Payload":{"QuestionText":"Current or Intended Major(s)","QuestionType":"MC","Selector":"MSB","Configuration":{"QuestionDescriptionOption":"SpecifyLabel"},"QuestionDescription":"Major","Choices":{"3124":{"Display":"Accounting"},"3125":{"Display":"Actuarial Science Mathematics"},"3126":{"Display":"Advertising"},"3127":{"Display":"Agricultural and Food Business Economics"},"3128":{"Display":"Agricultural and Food Systems"},"3129":{"Display":"Agricultural Biotechnology"},"3130":{"Display":"Agricultural Education"},"3131":{"Display":"Agricultural Technology and Production Management"},"3132":{"Display":"Agriculture and Food Security"},"3133":{"Display":"Animal Sciences"},"3134":{"Display":"Animal Science Management"},"3135":{"Display":"Animal Science Pre-Veterinary Sciences"},"3136":{"Display":"Anthropology"},"3137":{"Display":"Apparel Design"},"3138":{"Display":"Apparel Design, Merchandising, and Textiles"},"3139":{"Display":"Applied Mathematics"},"3140":{"Display":"Architectural Studies"},"3141":{"Display":"Art"},"3142":{"Display":"Art History"},"3143":{"Display":"Asian Studies"},"3144":{"Display":"Astrophysics"},"3145":{"Display":"Athletic Training"},"3146":{"Display":"Basic Medical Sciences"},"3147":{"Display":"Biochemistry\/Biophysics"},"3148":{"Display":"Bioengineering"},"3149":{"Display":"Biology"},"3150":{"Display":"Biology Teaching"},"3151":{"Display":"Biological Sciences (Gen Studies)"},"3152":{"Display":"Biological Sciences Teaching (Gen Studies)"},"3153":{"Display":"Botany"},"3154":{"Display":"Broadcast News"},"3155":{"Display":"Broadcast Production"},"3156":{"Display":"Business"},"3157":{"Display":"Business Economics (Economics)"},"3158":{"Display":"Chemical Engineering"},"3159":{"Display":"Chemistry"},"3160":{"Display":"Chinese"},"3161":{"Display":"Civil Engineering"},"3162":{"Display":"Communication and Society"},"3163":{"Display":"Comparative Ethnic Studies"},"3164":{"Display":"Computer Engineering"},"3165":{"Display":"Computer Science"},"3166":{"Display":"Construction Management"},"3167":{"Display":"Creative Writing"},"3168":{"Display":"Criminal Justice and Criminology"},"3169":{"Display":"Data Analytics"},"3170":{"Display":"Digital Technology and Culture"},"3171":{"Display":"Earth Sciences (Geology)"},"3172":{"Display":"Earth and Environmental Sciences"},"3173":{"Display":"Economic Sciences"},"3174":{"Display":"Economics, Policy, and Law"},"3175":{"Display":"Education"},"3176":{"Display":"Electrical Engineering"},"3177":{"Display":"Elementary Education"},"3178":{"Display":"Engineering"},"3179":{"Display":"English"},"3180":{"Display":"English Teaching\/ Language Arts"},"3181":{"Display":"Entomology (Biology)"},"3182":{"Display":"Entrepreneurship"},"3183":{"Display":"Environmental and Ecosystem Sciences"},"3184":{"Display":"Environmental and Resource Economics"},"3185":{"Display":"Family and Consumer Services"},"3186":{"Display":"Fermentation Science"},"3187":{"Display":"Field Crop Management"},"3188":{"Display":"Finance"},"3189":{"Display":"Finance Markets (Economics)"},"3190":{"Display":"Fine Arts"},"3191":{"Display":"Food Science"},"3192":{"Display":"Foreign Languages and Cultures"},"3193":{"Display":"Forestry"},"3194":{"Display":"French"},"3195":{"Display":"French Teaching"},"3196":{"Display":"Fruit and Vegetable Management"},"3197":{"Display":"Genetics and Cell Biology"},"3198":{"Display":"Global Politics"},"3199":{"Display":"History"},"3200":{"Display":"History Teaching"},"3201":{"Display":"Hospitality Business Management"},"3202":{"Display":"Human Development"},"3203":{"Display":"Humanities: General Studies"},"3204":{"Display":"Integrated Plant Sciences"},"3205":{"Display":"Integrated Strategic Communication"},"3206":{"Display":"Interior Design"},"3207":{"Display":"International Business"},"3208":{"Display":"International Economics and Development"},"3209":{"Display":"Japanese"},"3210":{"Display":"Jazz Studies"},"3211":{"Display":"Journalism"},"3212":{"Display":"Journalism and Media Production"},"3213":{"Display":"Landscape Architecture"},"3214":{"Display":"Landscape, Nursery, and Greenhouse Management"},"3215":{"Display":"Management"},"3216":{"Display":"Management Information Systems"},"3217":{"Display":"Marketing"},"3218":{"Display":"Materials Chemistry"},"3219":{"Display":"Materials Science and Engineering"},"3220":{"Display":"Mathematics"},"3221":{"Display":"Mathematics Teaching"},"3222":{"Display":"Mechanical Engineering"},"3223":{"Display":"Medical Technology"},"3224":{"Display":"Microbiology"},"3225":{"Display":"Music"},"3226":{"Display":"Music Composition"},"3227":{"Display":"Music Education without Teaching Certificate"},"3228":{"Display":"Music Keyboard Pedagogy"},"3229":{"Display":"Music Performance"},"3230":{"Display":"Music Teaching"},"3231":{"Display":"Music: Brass, Percussion, Strings, Winds"},"3232":{"Display":"Music: Keyboard"},"3233":{"Display":"Music: Voice"},"3234":{"Display":"Neuroscience"},"3235":{"Display":"Nursing (BSN)"},"3236":{"Display":"Nursing (RN to BSN)"},"3237":{"Display":"Nutrition and Exercise Physiology"},"3238":{"Display":"Organic and Sustainable Agriculture"},"3239":{"Display":"Philosophy"},"3240":{"Display":"Physics and Astronomy"},"3241":{"Display":"Physics Education"},"3242":{"Display":"Political Science"},"3243":{"Display":"Professional Chemistry"},"3244":{"Display":"Psychology"},"3245":{"Display":"Public Relations"},"3246":{"Display":"Quantitative Economics"},"3247":{"Display":"Religious Studies (General Studies)"},"3248":{"Display":"Rhetoric and Professional Writing"},"3249":{"Display":"Risk and Crises Management"},"3250":{"Display":"Science Communication"},"3251":{"Display":"Science Teaching"},"3252":{"Display":"Social Sciences: General Studies"},"3253":{"Display":"Social Studies Teaching"},"3254":{"Display":"Sociology"},"3255":{"Display":"Software Engineering"},"3256":{"Display":"Spanish"},"3257":{"Display":"Spanish Teaching"},"3258":{"Display":"Speech and Hearing Sciences"},"3259":{"Display":"Sport Management"},"3260":{"Display":"Sport Science"},"3261":{"Display":"Strategic Communication"},"3262":{"Display":"Studio Fine Arts"},"3263":{"Display":"Theoretical Mathematics"},"3264":{"Display":"Turfgrass Management"},"3265":{"Display":"Wildlife Ecology and Conservation Sciences"},"3266":{"Display":"Wine and Beverage Management"},"3267":{"Display":"Winemaking (Viticulture and Enology)"},"3268":{"Display":"Women's, Gender, and Sexuality Studies"},"3269":{"Display":"Zoology"}},"ChoiceOrder":["3124","3125","3126","3127","3128","3129","3130","3131","3132","3133","3134","3135","3136","3137","3138","3139","3140","3141","3142","3143","3144","3145","3146","3147","3148","3149","3150","3151","3152","3153","3154","3155","3156","3157","3158","3159","3160","3161","3162","3163","3164","3165","3166","3167","3168","3169","3170","3171","3172","3173","3174","3175","3176","3177","3178","3179","3180","3181","3182","3183","3184","3185","3186","3187","3188","3189","3190","3191","3192","3193","3194","3195","3196","3197","3198","3199","3200","3201","3202","3203","3204","3205","3206","3207","3208","3209","3210","3211","3212","3213","3214","3215","3216","3217","3218","3219","3220","3221","3222","3223","3224","3225","3226","3227","3228","3229","3230","3231","3232","3233","3234","3235","3236","3237","3238","3239","3240","3241","3242","3243","3244","3245","3246","3247","3248","3249","3250","3251","3252","3253","3254","3255","3256","3257","3258","3259","3260","3261","3262","3263","3264","3265","3266","3267","3268","3269"],"Validation":{"Settings":{"ForceResponse":"ON","ForceResponseType":"ON","Type":"None"}},"Language":[],"NextChoiceId":3270,"NextAnswerId":1,"GradingData":[],"QuestionText_Unsafe":"Current or intended major(s) *","DataExportTag":"Q2","QuestionID":"QID2","DataVisibility":{"Private":false,"Hidden":false},"DefaultChoices":false}},{"SurveyID":"SV_3eEeO5np41KccYZ","Element":"SQ","PrimaryAttribute":"QID3","SecondaryAttribute":"This series of six workshops build upon each other. Because of that, they are only intended for s...","TertiaryAttribute":null,"Payload":{"QuestionText":"This series of six workshops build upon each other. Because of that, they are only intended for students who will attend all six of them.","QuestionType":"MC","Selector":"SAVR","SubSelector":"TX","Configuration":{"QuestionDescriptionOption":"UseText"},"QuestionDescription":"This series of six workshops build upon each other. Because of that, they are only intended for s...","Choices":{"1":{"Display":"If accepted, I will attend all six workshops"}},"ChoiceOrder":["1"],"Validation":{"Settings":{"ForceResponse":"ON","ForceResponseType":"ON","Type":"None"}},"Language":[],"NextChoiceId":4,"NextAnswerId":1,"QuestionText_Unsafe":"This series of six workshops build upon each other. Because of that, they are only intended for students who will attend all six of them.","DataExportTag":"Q3","QuestionID":"QID3"}},{"SurveyID":"SV_3eEeO5np41KccYZ","Element":"SQ","PrimaryAttribute":"QID4","SecondaryAttribute":"WSU Student ID Number","TertiaryAttribute":null,"Payload":{"QuestionText":"WSU Student ID Number","DefaultChoices":false,"DataExportTag":"Q4","QuestionType":"TE","Selector":"SL","Configuration":{"QuestionDescriptionOption":"UseText"},"QuestionDescription":"WSU Student ID Number","Validation":{"Settings":{"ForceResponse":"ON","ForceResponseType":"ON","Type":"None"}},"GradingData":[],"Language":[],"NextChoiceId":4,"NextAnswerId":1,"SearchSource":{"AllowFreeResponse":"false"},"QuestionID":"QID4"}}]}